<?xml version="1.0" encoding="UTF-8"?>
<!DOCTYPE plist PUBLIC "-//Apple//DTD PLIST 1.0//EN" "http://www.apple.com/DTDs/PropertyList-1.0.dtd">
<plist version="1.0">
<dict>
	<key>archiveVersion</key>
	<string>1</string>
	<key>classes</key>
	<dict/>
	<key>objectVersion</key>
	<string>77</string>
	<key>objects</key>
	<dict>
		<key>000CC90A8D440685CF83E2F3</key>
		<dict>
			<key>buildSettings</key>
			<dict>
				<key>BUNDLE_LOADER</key>
				<string>$(TEST_HOST)</string>
				<key>COMBINE_HIDPI_IMAGES</key>
				<string>YES</string>
				<key>GENERATE_INFOPLIST_FILE</key>
				<string>YES</string>
				<key>LD_RUNPATH_SEARCH_PATHS</key>
				<array>
					<string>$(inherited)</string>
					<string>@executable_path/../Frameworks</string>
					<string>@loader_path/../Frameworks</string>
				</array>
				<key>PRODUCT_BUNDLE_IDENTIFIER</key>
				<string>com.yourcompany.aizhijian.tests</string>
				<key>SDKROOT</key>
				<string>macosx</string>
				<key>TEST_HOST</key>
				<string>$(BUILT_PRODUCTS_DIR)/AI 智剪.app/Contents/MacOS/AI 智剪</string>
			</dict>
			<key>isa</key>
			<string>XCBuildConfiguration</string>
			<key>name</key>
			<string>Release</string>
		</dict>
		<key>010690117B5032FEFB7A2422</key>
		<dict>
			<key>isa</key>
			<string>PBXFileReference</string>
			<key>lastKnownFileType</key>
			<string>sourcecode.swift</string>
			<key>path</key>
			<string>PreflightServiceTests.swift</string>
			<key>sourceTree</key>
			<string>&lt;group&gt;</string>
		</dict>
		<key>01A54ED430F9FC5AF41EA8C9</key>
		<dict>
			<key>fileRef</key>
			<string>0646C01CF55D33F50087297B</string>
			<key>isa</key>
			<string>PBXBuildFile</string>
		</dict>
		<key>0241C1872854559056357E88</key>
		<dict>
			<key>isa</key>
			<string>PBXFileReference</string>
			<key>lastKnownFileType</key>
			<string>sourcecode.swift</string>
			<key>path</key>
			<string>CredentialStore.swift</string>
			<key>sourceTree</key>
			<string>&lt;group&gt;</string>
		</dict>
		<key>024EF6792BFB4520B6188680775906CC</key>
		<dict>
			<key>fileRef</key>
			<string>1006907D1058471C90E97B607B9C5D44</string>
			<key>isa</key>
			<string>PBXBuildFile</string>
		</dict>
		<key>02EE524C7D27D77DE8B3BD77</key>
		<dict>
			<key>isa</key>
			<string>PBXFileReference</string>
			<key>lastKnownFileType</key>
			<string>sourcecode.swift</string>
			<key>path</key>
			<string>TikTokCreatorDetailView.swift</string>
			<key>sourceTree</key>
			<string>&lt;group&gt;</string>
		</dict>
		<key>0646C01CF55D33F50087297B</key>
		<dict>
			<key>isa</key>
			<string>PBXFileReference</string>
			<key>lastKnownFileType</key>
			<string>sourcecode.swift</string>
			<key>path</key>
			<string>SettingsView.swift</string>
			<key>sourceTree</key>
			<string>&lt;group&gt;</string>
		</dict>
		<key>074557DF06807AD55D8E7D31</key>
		<dict>
			<key>fileRef</key>
			<string>F5A43797F799759ECADF1604</string>
			<key>isa</key>
			<string>PBXBuildFile</string>
		</dict>
		<key>09389291E2332EF95F01280A</key>
		<dict>
			<key>isa</key>
			<string>PBXFileReference</string>
			<key>lastKnownFileType</key>
			<string>sourcecode.swift</string>
			<key>path</key>
			<string>GenerationTaskExecutor.swift</string>
			<key>sourceTree</key>
			<string>&lt;group&gt;</string>
		</dict>
		<key>09AC9B09CA6D42F3A3B3A8CC43371C02</key>
		<dict>
			<key>isa</key>
			<string>PBXFileReference</string>
			<key>lastKnownFileType</key>
			<string>sourcecode.swift</string>
			<key>path</key>
			<string>SoftAdWorkflowView.swift</string>
			<key>sourceTree</key>
			<string>&lt;group&gt;</string>
		</dict>
		<key>09D80E54557B8770C3E21A9C</key>
		<dict>
			<key>isa</key>
			<string>PBXFileReference</string>
			<key>lastKnownFileType</key>
			<string>sourcecode.swift</string>
			<key>path</key>
			<string>WorkflowCanvasView.swift</string>
			<key>sourceTree</key>
			<string>&lt;group&gt;</string>
		</dict>
		<key>0C8C686D5BC8A0D7B8820150</key>
		<dict>
			<key>isa</key>
			<string>PBXFileReference</string>
			<key>lastKnownFileType</key>
			<string>sourcecode.swift</string>
			<key>path</key>
			<string>LoginView.swift</string>
			<key>sourceTree</key>
			<string>&lt;group&gt;</string>
		</dict>
		<key>1006907D1058471C90E97B607B9C5D44</key>
		<dict>
			<key>isa</key>
			<string>PBXFileReference</string>
			<key>lastKnownFileType</key>
			<string>sourcecode.swift</string>
			<key>path</key>
			<string>TextImageVideoWorkflowView.swift</string>
			<key>sourceTree</key>
			<string>&lt;group&gt;</string>
		</dict>
		<key>1128350BFFC645C9B6A6A33EC48AC438</key>
		<dict>
			<key>fileRef</key>
			<string>09AC9B09CA6D42F3A3B3A8CC43371C02</string>
			<key>isa</key>
			<string>PBXBuildFile</string>
		</dict>
		<key>11BDEEA4A00886A22F1FFD67</key>
		<dict>
			<key>isa</key>
			<string>PBXFileReference</string>
			<key>lastKnownFileType</key>
			<string>sourcecode.swift</string>
			<key>path</key>
			<string>ApiKeyManageView.swift</string>
			<key>sourceTree</key>
			<string>&lt;group&gt;</string>
		</dict>
		<key>12760CB06DA2BFA1D20DB37E</key>
		<dict>
			<key>fileRef</key>
			<string>0C8C686D5BC8A0D7B8820150</string>
			<key>isa</key>
			<string>PBXBuildFile</string>
		</dict>
		<key>145A6F150983A5CCDB2520C3</key>
		<dict>
			<key>isa</key>
			<string>PBXFileReference</string>
			<key>lastKnownFileType</key>
			<string>sourcecode.swift</string>
			<key>path</key>
			<string>CallLogView.swift</string>
			<key>sourceTree</key>
			<string>&lt;group&gt;</string>
		</dict>
		<key>17EE4B01342C4D1E7823CED0</key>
		<dict>
			<key>isa</key>
			<string>PBXFileReference</string>
			<key>lastKnownFileType</key>
			<string>sourcecode.swift</string>
			<key>path</key>
			<string>WanVideoView.swift</string>
			<key>sourceTree</key>
			<string>&lt;group&gt;</string>
		</dict>
		<key>1831086661E3B5780A4BB282</key>
		<dict>
			<key>fileRef</key>
			<string>86EEDA50F0192D5CC91D3FB4</string>
			<key>isa</key>
			<string>PBXBuildFile</string>
		</dict>
		<key>1986D303E014D319497BF707</key>
		<dict>
			<key>fileRef</key>
			<string>23C8B9E779724A391CD2E2FB</string>
			<key>isa</key>
			<string>PBXBuildFile</string>
		</dict>
		<key>19D4881FCF6A48EF861957B8D4607178</key>
		<dict>
			<key>isa</key>
			<string>PBXFileReference</string>
			<key>lastKnownFileType</key>
			<string>sourcecode.swift</string>
			<key>path</key>
			<string>APIService+Health.swift</string>
			<key>sourceTree</key>
			<string>&lt;group&gt;</string>
		</dict>
		<key>1B93149478842BD71BCC209C</key>
		<dict>
			<key>fileRef</key>
			<string>CD7B4FC504692AD93FCB38EC</string>
			<key>isa</key>
			<string>PBXBuildFile</string>
		</dict>
		<key>1E705143F9F55ABB9FCC4DA3</key>
		<dict>
			<key>fileRef</key>
			<string>51AA949909DB406EB1C027C8</string>
			<key>isa</key>
			<string>PBXBuildFile</string>
		</dict>
		<key>21194876CF2C476286072BEC</key>
		<dict>
			<key>fileRef</key>
			<string>9D9D62317FDE7D9B76ECE43E</string>
			<key>isa</key>
			<string>PBXBuildFile</string>
		</dict>
		<key>2183075486CE4758BE0BE11A4C2849B9</key>
		<dict>
			<key>isa</key>
			<string>PBXFileReference</string>
			<key>lastKnownFileType</key>
			<string>sourcecode.swift</string>
			<key>path</key>
			<string>APIService+SoftAd.swift</string>
			<key>sourceTree</key>
			<string>&lt;group&gt;</string>
		</dict>
		<key>23C8B9E779724A391CD2E2FB</key>
		<dict>
			<key>isa</key>
			<string>PBXFileReference</string>
			<key>lastKnownFileType</key>
			<string>sourcecode.swift</string>
			<key>path</key>
			<string>APIService.swift</string>
			<key>sourceTree</key>
			<string>&lt;group&gt;</string>
		</dict>
		<key>256C20F68BCAC7B861ECF2D2</key>
		<dict>
			<key>isa</key>
			<string>PBXFileReference</string>
			<key>lastKnownFileType</key>
			<string>sourcecode.swift</string>
			<key>path</key>
			<string>VariablePanelView.swift</string>
			<key>sourceTree</key>
			<string>&lt;group&gt;</string>
		</dict>
		<key>281A060E41C0843D82B29C22</key>
		<dict>
			<key>isa</key>
			<string>PBXFileReference</string>
			<key>lastKnownFileType</key>
			<string>sourcecode.swift</string>
			<key>path</key>
			<string>RouteHealthView.swift</string>
			<key>sourceTree</key>
			<string>&lt;group&gt;</string>
		</dict>
		<key>2A228E486AFEB2D6F407948F</key>
		<dict>
			<key>fileRef</key>
			<string>B02EAC5D86DB68826D5A607E</string>
			<key>isa</key>
			<string>PBXBuildFile</string>
		</dict>
		<key>2A5F1F38C72675E743D0AA92</key>
		<dict>
			<key>isa</key>
			<string>PBXFileReference</string>
			<key>lastKnownFileType</key>
			<string>sourcecode.swift</string>
			<key>path</key>
			<string>VeoVideoView.swift</string>
			<key>sourceTree</key>
			<string>&lt;group&gt;</string>
		</dict>
		<key>2A89F68A5B67FAE9619E2E02</key>
		<dict>
			<key>fileRef</key>
			<string>492BA5FD51D121DFC46A00D4</string>
			<key>isa</key>
			<string>PBXBuildFile</string>
		</dict>
		<key>2BF3EB74088CB3C94F8EFB2B</key>
		<dict>
			<key>fileRef</key>
			<string>C58B5822D92013E35C001050</string>
			<key>isa</key>
			<string>PBXBuildFile</string>
		</dict>
		<key>2C0654EB211773EED5AF2B03</key>
		<dict>
			<key>children</key>
			<array>
				<string>23C8B9E779724A391CD2E2FB</string>
				<string>CC2A9A7FF69A433E6ED6212D</string>
				<string>3281584C75C6E00A16A39361</string>
				<string>50BCC9C8315285CD41B1419E</string>
				<string>BA3D1E8F960B6547835EECBA</string>
				<string>0241C1872854559056357E88</string>
				<string>8CF588881306E6AFE4E57F5C</string>
				<string>C58B5822D92013E35C001050</string>
				<string>3F599D4C15E85BFDA95A8099</string>
				<string>C4A25BD705DC5253DF11E9A8</string>
				<string>A35139F87C48EE8C6D6FA46D</string>
				<string>09389291E2332EF95F01280A</string>
				<string>CB54ADAB292B475CBF24E431</string>
				<string>E831E00BB7A8B780544C40D6</string>
				<string>8D618F2636F50978FAA40626</string>
				<string>492BA5FD51D121DFC46A00D4</string>
				<string>515BD320BB1D1396A74A7F10</string>
				<string>B009C7D3093AC26380757E79</string>
				<string>D7B65AFB80CF250A4126A696</string>
				<string>580DB49A9DB57BD5CA15A31E</string>
				<string>E3AFE42A01BDCB0DB9658B3F</string>
				<string>E772AF0286F746FBB19792D830B1BCD8</string>
				<string>19D4881FCF6A48EF861957B8D4607178</string>
				<string>2183075486CE4758BE0BE11A4C2849B9</string>
			</array>
			<key>isa</key>
			<string>PBXGroup</string>
			<key>path</key>
			<string>Services</string>
			<key>sourceTree</key>
			<string>&lt;group&gt;</string>
		</dict>
		<key>2C8D7AB325E63FB6E805EE82</key>
		<dict>
			<key>fileRef</key>
			<string>42D2CF23948FB3E7CF5A2332</string>
			<key>isa</key>
			<string>PBXBuildFile</string>
		</dict>
		<key>2D7EC743452E4630666F5992</key>
		<dict>
			<key>isa</key>
			<string>PBXFileReference</string>
			<key>lastKnownFileType</key>
			<string>text.plist</string>
			<key>path</key>
			<string>Info.plist</string>
			<key>sourceTree</key>
			<string>&lt;group&gt;</string>
		</dict>
		<key>2F2DD63791B806C6470B0F69</key>
		<dict>
			<key>fileRef</key>
			<string>B009C7D3093AC26380757E79</string>
			<key>isa</key>
			<string>PBXBuildFile</string>
		</dict>
		<key>30FFEE1294AD88202C6E3821</key>
		<dict>
			<key>isa</key>
			<string>PBXFileReference</string>
			<key>lastKnownFileType</key>
			<string>sourcecode.swift</string>
			<key>path</key>
			<string>WorksGalleryView.swift</string>
			<key>sourceTree</key>
			<string>&lt;group&gt;</string>
		</dict>
		<key>319BD9138521DF33BA129DAB</key>
		<dict>
			<key>attributes</key>
			<dict>
				<key>BuildIndependentTargetsInParallel</key>
				<string>YES</string>
				<key>LastUpgradeCheck</key>
				<string>1430</string>
				<key>TargetAttributes</key>
				<dict>
					<key>6FB998E96915F681526466FD</key>
					<dict>
						<key>DevelopmentTeam</key>
						<string></string>
					</dict>
					<key>7B90B7298A19EE097A64E6F3</key>
					<dict>
						<key>DevelopmentTeam</key>
						<string></string>
					</dict>
				</dict>
			</dict>
			<key>buildConfigurationList</key>
			<string>4265EC963C168C7F8626050F</string>
			<key>developmentRegion</key>
			<string>en</string>
			<key>hasScannedForEncodings</key>
			<string>0</string>
			<key>isa</key>
			<string>PBXProject</string>
			<key>knownRegions</key>
			<array>
				<string>Base</string>
				<string>en</string>
			</array>
			<key>mainGroup</key>
			<string>FF2664B453B5B8B485F29246</string>
			<key>minimizedProjectReferenceProxies</key>
			<string>1</string>
			<key>preferredProjectObjectVersion</key>
			<string>77</string>
			<key>productRefGroup</key>
			<string>4D6E4A3C6D83246CA66544C0</string>
			<key>projectDirPath</key>
			<string></string>
			<key>projectRoot</key>
			<string></string>
			<key>targets</key>
			<array>
				<string>6FB998E96915F681526466FD</string>
				<string>7B90B7298A19EE097A64E6F3</string>
			</array>
		</dict>
		<key>31F3DAFD0354B2920C408E42</key>
		<dict>
			<key>fileRef</key>
			<string>A7B0BEC22AA4861DB7994930</string>
			<key>isa</key>
			<string>PBXBuildFile</string>
		</dict>
		<key>3281584C75C6E00A16A39361</key>
		<dict>
			<key>isa</key>
			<string>PBXFileReference</string>
			<key>lastKnownFileType</key>
			<string>sourcecode.swift</string>
			<key>path</key>
			<string>APIService+Comic.swift</string>
			<key>sourceTree</key>
			<string>&lt;group&gt;</string>
		</dict>
		<key>391B55A6671DEC3DAB6AA414</key>
		<dict>
			<key>isa</key>
			<string>PBXFileReference</string>
			<key>lastKnownFileType</key>
			<string>sourcecode.swift</string>
			<key>path</key>
			<string>BackgroundReplaceView.swift</string>
			<key>sourceTree</key>
			<string>&lt;group&gt;</string>
		</dict>
		<key>39E174FE1BE9CFDEB4875DFA</key>
		<dict>
			<key>fileRef</key>
			<string>8A6768ECA9DCF8759EB7C224</string>
			<key>isa</key>
			<string>PBXBuildFile</string>
		</dict>
		<key>39F9BC2EA7974A83BCDDC437DE2FC180</key>
		<dict>
			<key>fileRef</key>
			<string>19D4881FCF6A48EF861957B8D4607178</string>
			<key>isa</key>
			<string>PBXBuildFile</string>
		</dict>
		<key>3AE102ADE041B5D615BE726C</key>
		<dict>
			<key>isa</key>
			<string>PBXFileReference</string>
			<key>lastKnownFileType</key>
			<string>sourcecode.swift</string>
			<key>path</key>
			<string>MainView.swift</string>
			<key>sourceTree</key>
			<string>&lt;group&gt;</string>
		</dict>
		<key>3F599D4C15E85BFDA95A8099</key>
		<dict>
			<key>isa</key>
			<string>PBXFileReference</string>
			<key>lastKnownFileType</key>
			<string>sourcecode.swift</string>
			<key>path</key>
			<string>FileRef.swift</string>
			<key>sourceTree</key>
			<string>&lt;group&gt;</string>
		</dict>
		<key>401B28E1CC3B8774D8FDB300</key>
		<dict>
			<key>fileRef</key>
			<string>92C4756711C4279131F5A1EB</string>
			<key>isa</key>
			<string>PBXBuildFile</string>
		</dict>
		<key>409969E0B9895980C5101513</key>
		<dict>
			<key>buildSettings</key>
			<dict>
				<key>BUNDLE_LOADER</key>
				<string>$(TEST_HOST)</string>
				<key>COMBINE_HIDPI_IMAGES</key>
				<string>YES</string>
				<key>GENERATE_INFOPLIST_FILE</key>
				<string>YES</string>
				<key>LD_RUNPATH_SEARCH_PATHS</key>
				<array>
					<string>$(inherited)</string>
					<string>@executable_path/../Frameworks</string>
					<string>@loader_path/../Frameworks</string>
				</array>
				<key>PRODUCT_BUNDLE_IDENTIFIER</key>
				<string>com.yourcompany.aizhijian.tests</string>
				<key>SDKROOT</key>
				<string>macosx</string>
				<key>TEST_HOST</key>
				<string>$(BUILT_PRODUCTS_DIR)/AI 智剪.app/Contents/MacOS/AI 智剪</string>
			</dict>
			<key>isa</key>
			<string>XCBuildConfiguration</string>
			<key>name</key>
			<string>Debug</string>
		</dict>
		<key>41840D13266B268D5ABDACDE</key>
		<dict>
			<key>fileRef</key>
			<string>D7E40E020DFDA13EE215891B</string>
			<key>isa</key>
			<string>PBXBuildFile</string>
		</dict>
		<key>419F83A269D0EF5D1FAA3A2D</key>
		<dict>
			<key>explicitFileType</key>
			<string>wrapper.application</string>
			<key>includeInIndex</key>
			<string>0</string>
			<key>isa</key>
			<string>PBXFileReference</string>
			<key>path</key>
			<string>ai智剪.app</string>
			<key>sourceTree</key>
			<string>BUILT_PRODUCTS_DIR</string>
		</dict>
		<key>41B066C2669D8F33B9388A6D</key>
		<dict>
			<key>fileRef</key>
			<string>D7B65AFB80CF250A4126A696</string>
			<key>isa</key>
			<string>PBXBuildFile</string>
		</dict>
		<key>4265EC963C168C7F8626050F</key>
		<dict>
			<key>buildConfigurations</key>
			<array>
				<string>DA10C25B08768AF06AB7BBB4</string>
				<string>63B3BC5969E510A2E8A25DBA</string>
			</array>
			<key>defaultConfigurationIsVisible</key>
			<string>0</string>
			<key>defaultConfigurationName</key>
			<string>Debug</string>
			<key>isa</key>
			<string>XCConfigurationList</string>
		</dict>
		<key>42D2CF23948FB3E7CF5A2332</key>
		<dict>
			<key>isa</key>
			<string>PBXFileReference</string>
			<key>lastKnownFileType</key>
			<string>sourcecode.swift</string>
			<key>path</key>
			<string>TikTokTagManageView.swift</string>
			<key>sourceTree</key>
			<string>&lt;group&gt;</string>
		</dict>
		<key>43F08D71A3E412C172DBF462</key>
		<dict>
			<key>fileRef</key>
			<string>17EE4B01342C4D1E7823CED0</string>
			<key>isa</key>
			<string>PBXBuildFile</string>
		</dict>
		<key>48DA6272AF93C152D0B6197E</key>
		<dict>
			<key>fileRef</key>
			<string>D352AF227431C713E6090092</string>
			<key>isa</key>
			<string>PBXBuildFile</string>
		</dict>
		<key>491E7D5F0FC10AE08A9E5EF4</key>
		<dict>
			<key>isa</key>
			<string>PBXFileReference</string>
			<key>lastKnownFileType</key>
			<string>sourcecode.swift</string>
			<key>path</key>
			<string>WorkflowCanvasTests.swift</string>
			<key>sourceTree</key>
			<string>&lt;group&gt;</string>
		</dict>
		<key>492BA5FD51D121DFC46A00D4</key>
		<dict>
			<key>isa</key>
			<string>PBXFileReference</string>
			<key>lastKnownFileType</key>
			<string>sourcecode.swift</string>
			<key>path</key>
			<string>TikTokModels.swift</string>
			<key>sourceTree</key>
			<string>&lt;group&gt;</string>
		</dict>
		<key>493F976CEC770C213B9ABAA1</key>
		<dict>
			<key>fileRef</key>
			<string>7701B98F4EA62EB4B1D100C0</string>
			<key>isa</key>
			<string>PBXBuildFile</string>
		</dict>
		<key>49B144DE1736D1D5D840E32C</key>
		<dict>
			<key>fileRef</key>
			<string>99EB8984C71AD6940F8CEAF1</string>
			<key>isa</key>
			<string>PBXBuildFile</string>
		</dict>
		<key>4C20E8135B695DB3C0045EB2</key>
		<dict>
			<key>buildSettings</key>
			<dict>
				<key>ASSETCATALOG_COMPILER_APPICON_NAME</key>
				<string>AppIcon</string>
				<key>COMBINE_HIDPI_IMAGES</key>
				<string>YES</string>
				<key>INFOPLIST_FILE</key>
				<string>ai智剪/Info.plist</string>
				<key>LD_RUNPATH_SEARCH_PATHS</key>
				<array>
					<string>$(inherited)</string>
					<string>@executable_path/../Frameworks</string>
				</array>
				<key>PRODUCT_BUNDLE_IDENTIFIER</key>
				<string>com.yourcompany.aizhijian</string>
				<key>PRODUCT_MODULE_NAME</key>
				<string>aiZhijian</string>
				<key>PRODUCT_NAME</key>
				<string>AI 智剪</string>
				<key>SDKROOT</key>
				<string>macosx</string>
			</dict>
			<key>isa</key>
			<string>XCBuildConfiguration</string>
			<key>name</key>
			<string>Debug</string>
		</dict>
		<key>4D6E4A3C6D83246CA66544C0</key>
		<dict>
			<key>children</key>
			<array>
				<string>419F83A269D0EF5D1FAA3A2D</string>
				<string>F493B95391C30261E880ADCB</string>
			</array>
			<key>isa</key>
			<string>PBXGroup</string>
			<key>name</key>
			<string>Products</string>
			<key>sourceTree</key>
			<string>&lt;group&gt;</string>
		</dict>
		<key>4DBCACF08AC44109223D56C6</key>
		<dict>
			<key>fileRef</key>
			<string>C4A25BD705DC5253DF11E9A8</string>
			<key>isa</key>
			<string>PBXBuildFile</string>
		</dict>
		<key>4E2CCCFC2AFCDFC21E0C0E71</key>
		<dict>
			<key>isa</key>
			<string>PBXFileReference</string>
			<key>lastKnownFileType</key>
			<string>sourcecode.swift</string>
			<key>path</key>
			<string>BatchGroupingTests.swift</string>
			<key>sourceTree</key>
			<string>&lt;group&gt;</string>
		</dict>
		<key>4E48ADC5B04B3F9D6B01EC17</key>
		<dict>
			<key>containerPortal</key>
			<string>319BD9138521DF33BA129DAB</string>
			<key>isa</key>
			<string>PBXContainerItemProxy</string>
			<key>proxyType</key>
			<string>1</string>
			<key>remoteGlobalIDString</key>
			<string>6FB998E96915F681526466FD</string>
			<key>remoteInfo</key>
			<string>ai智剪</string>
		</dict>
		<key>4EB98D1DD798EA7BB24472E2</key>
		<dict>
			<key>fileRef</key>
			<string>CB54ADAB292B475CBF24E431</string>
			<key>isa</key>
			<string>PBXBuildFile</string>
		</dict>
		<key>50BCC9C8315285CD41B1419E</key>
		<dict>
			<key>isa</key>
			<string>PBXFileReference</string>
			<key>lastKnownFileType</key>
			<string>sourcecode.swift</string>
			<key>path</key>
			<string>APIService+Drama.swift</string>
			<key>sourceTree</key>
			<string>&lt;group&gt;</string>
		</dict>
		<key>515BD320BB1D1396A74A7F10</key>
		<dict>
			<key>isa</key>
			<string>PBXFileReference</string>
			<key>lastKnownFileType</key>
			<string>sourcecode.swift</string>
			<key>path</key>
			<string>VeoRules.swift</string>
			<key>sourceTree</key>
			<string>&lt;group&gt;</string>
		</dict>
		<key>51AA949909DB406EB1C027C8</key>
		<dict>
			<key>isa</key>
			<string>PBXFileReference</string>
			<key>lastKnownFileType</key>
			<string>sourcecode.swift</string>
			<key>path</key>
			<string>VideoReplicaView.swift</string>
			<key>sourceTree</key>
			<string>&lt;group&gt;</string>
		</dict>
		<key>580DB49A9DB57BD5CA15A31E</key>
		<dict>
			<key>isa</key>
			<string>PBXFileReference</string>
			<key>lastKnownFileType</key>
			<string>sourcecode.swift</string>
			<key>path</key>
			<string>WorkflowStore.swift</string>
			<key>sourceTree</key>
			<string>&lt;group&gt;</string>
		</dict>
		<key>584E2DEE2B2E3F503A46EE30</key>
		<dict>
			<key>fileRef</key>
			<string>90B264BCC111C87F69C57F90</string>
			<key>isa</key>
			<string>PBXBuildFile</string>
		</dict>
		<key>599FAB61653D16DAD7260FD6</key>
		<dict>
			<key>fileRef</key>
			<string>8EF7822A59A16F65E8ABAE35</string>
			<key>isa</key>
			<string>PBXBuildFile</string>
		</dict>
		<key>5D4D7F84EC3E2476E736BD42</key>
		<dict>
			<key>fileRef</key>
			<string>640ECD8B9BB50D854FF4DEC3</string>
			<key>isa</key>
			<string>PBXBuildFile</string>
		</dict>
		<key>5F22E111524A9D751357970A</key>
		<dict>
			<key>fileRef</key>
			<string>281A060E41C0843D82B29C22</string>
			<key>isa</key>
			<string>PBXBuildFile</string>
		</dict>
		<key>61FF322BAC811FCAE287E352</key>
		<dict>
			<key>fileRef</key>
			<string>491E7D5F0FC10AE08A9E5EF4</string>
			<key>isa</key>
			<string>PBXBuildFile</string>
		</dict>
		<key>63B3BC5969E510A2E8A25DBA</key>
		<dict>
			<key>buildSettings</key>
			<dict>
				<key>ALWAYS_SEARCH_USER_PATHS</key>
				<string>NO</string>
				<key>CLANG_ANALYZER_NONNULL</key>
				<string>YES</string>
				<key>CLANG_ANALYZER_NUMBER_OBJECT_CONVERSION</key>
				<string>YES_AGGRESSIVE</string>
				<key>CLANG_CXX_LANGUAGE_STANDARD</key>
				<string>gnu++14</string>
				<key>CLANG_CXX_LIBRARY</key>
				<string>libc++</string>
				<key>CLANG_ENABLE_MODULES</key>
				<string>YES</string>
				<key>CLANG_ENABLE_OBJC_ARC</key>
				<string>YES</string>
				<key>CLANG_ENABLE_OBJC_WEAK</key>
				<string>YES</string>
				<key>CLANG_WARN_BLOCK_CAPTURE_AUTORELEASING</key>
				<string>YES</string>
				<key>CLANG_WARN_BOOL_CONVERSION</key>
				<string>YES</string>
				<key>CLANG_WARN_COMMA</key>
				<string>YES</string>
				<key>CLANG_WARN_CONSTANT_CONVERSION</key>
				<string>YES</string>
				<key>CLANG_WARN_DEPRECATED_OBJC_IMPLEMENTATIONS</key>
				<string>YES</string>
				<key>CLANG_WARN_DIRECT_OBJC_ISA_USAGE</key>
				<string>YES_ERROR</string>
				<key>CLANG_WARN_DOCUMENTATION_COMMENTS</key>
				<string>YES</string>
				<key>CLANG_WARN_EMPTY_BODY</key>
				<string>YES</string>
				<key>CLANG_WARN_ENUM_CONVERSION</key>
				<string>YES</string>
				<key>CLANG_WARN_INFINITE_RECURSION</key>
				<string>YES</string>
				<key>CLANG_WARN_INT_CONVERSION</key>
				<string>YES</string>
				<key>CLANG_WARN_NON_LITERAL_NULL_CONVERSION</key>
				<string>YES</string>
				<key>CLANG_WARN_OBJC_IMPLICIT_RETAIN_SELF</key>
				<string>YES</string>
				<key>CLANG_WARN_OBJC_LITERAL_CONVERSION</key>
				<string>YES</string>
				<key>CLANG_WARN_OBJC_ROOT_CLASS</key>
				<string>YES_ERROR</string>
				<key>CLANG_WARN_QUOTED_INCLUDE_IN_FRAMEWORK_HEADER</key>
				<string>YES</string>
				<key>CLANG_WARN_RANGE_LOOP_ANALYSIS</key>
				<string>YES</string>
				<key>CLANG_WARN_STRICT_PROTOTYPES</key>
				<string>YES</string>
				<key>CLANG_WARN_SUSPICIOUS_MOVE</key>
				<string>YES</string>
				<key>CLANG_WARN_UNGUARDED_AVAILABILITY</key>
				<string>YES_AGGRESSIVE</string>
				<key>CLANG_WARN_UNREACHABLE_CODE</key>
				<string>YES</string>
				<key>CLANG_WARN__DUPLICATE_METHOD_MATCH</key>
				<string>YES</string>
				<key>COPY_PHASE_STRIP</key>
				<string>NO</string>
				<key>DEBUG_INFORMATION_FORMAT</key>
				<string>dwarf-with-dsym</string>
				<key>DEVELOPMENT_TEAM</key>
				<string></string>
				<key>ENABLE_NS_ASSERTIONS</key>
				<string>NO</string>
				<key>ENABLE_STRICT_OBJC_MSGSEND</key>
				<string>YES</string>
				<key>ENABLE_USER_SCRIPT_SANDBOXING</key>
				<string>NO</string>
				<key>GCC_C_LANGUAGE_STANDARD</key>
				<string>gnu11</string>
				<key>GCC_NO_COMMON_BLOCKS</key>
				<string>YES</string>
				<key>GCC_WARN_64_TO_32_BIT_CONVERSION</key>
				<string>YES</string>
				<key>GCC_WARN_ABOUT_RETURN_TYPE</key>
				<string>YES_ERROR</string>
				<key>GCC_WARN_UNDECLARED_SELECTOR</key>
				<string>YES</string>
				<key>GCC_WARN_UNINITIALIZED_AUTOS</key>
				<string>YES_AGGRESSIVE</string>
				<key>GCC_WARN_UNUSED_FUNCTION</key>
				<string>YES</string>
				<key>GCC_WARN_UNUSED_VARIABLE</key>
				<string>YES</string>
				<key>GENERATE_INFOPLIST_FILE</key>
				<string>YES</string>
				<key>MACOSX_DEPLOYMENT_TARGET</key>
				<string>14.0</string>
				<key>MTL_ENABLE_DEBUG_INFO</key>
				<string>NO</string>
				<key>MTL_FAST_MATH</key>
				<string>YES</string>
				<key>PRODUCT_NAME</key>
				<string>$(TARGET_NAME)</string>
				<key>SDKROOT</key>
				<string>macosx</string>
				<key>SWIFT_COMPILATION_MODE</key>
				<string>wholemodule</string>
				<key>SWIFT_OPTIMIZATION_LEVEL</key>
				<string>-O</string>
				<key>SWIFT_VERSION</key>
				<string>6.0</string>
			</dict>
			<key>isa</key>
			<string>XCBuildConfiguration</string>
			<key>name</key>
			<string>Release</string>
		</dict>
		<key>640ECD8B9BB50D854FF4DEC3</key>
		<dict>
			<key>isa</key>
			<string>PBXFileReference</string>
			<key>lastKnownFileType</key>
			<string>folder.assetcatalog</string>
			<key>path</key>
			<string>Assets.xcassets</string>
			<key>sourceTree</key>
			<string>&lt;group&gt;</string>
		</dict>
		<key>6481A61044B20EBE45BC447B</key>
		<dict>
			<key>fileRef</key>
			<string>515BD320BB1D1396A74A7F10</string>
			<key>isa</key>
			<string>PBXBuildFile</string>
		</dict>
		<key>67526E7D17DA46A85DBCE8C1</key>
		<dict>
			<key>fileRef</key>
			<string>50BCC9C8315285CD41B1419E</string>
			<key>isa</key>
			<string>PBXBuildFile</string>
		</dict>
		<key>6894B2636E422274D5C013EC</key>
		<dict>
			<key>children</key>
			<array>
				<string>4E2CCCFC2AFCDFC21E0C0E71</string>
				<string>F5A43797F799759ECADF1604</string>
				<string>010690117B5032FEFB7A2422</string>
				<string>76AFBFC3AEBEA710B63C484F</string>
				<string>FC01135ACF1AC1F6230C57C0</string>
				<string>491E7D5F0FC10AE08A9E5EF4</string>
				<string>A7B0BEC22AA4861DB7994930</string>
			</array>
			<key>isa</key>
			<string>PBXGroup</string>
			<key>path</key>
			<string>ai智剪Tests</string>
			<key>sourceTree</key>
			<string>&lt;group&gt;</string>
		</dict>
		<key>6B4FF7D2319DC43856DBE0BA</key>
		<dict>
			<key>isa</key>
			<string>PBXFileReference</string>
			<key>lastKnownFileType</key>
			<string>sourcecode.swift</string>
			<key>path</key>
			<string>HeyGenView.swift</string>
			<key>sourceTree</key>
			<string>&lt;group&gt;</string>
		</dict>
		<key>6F78D0A777CA4BEAB166CD0E4D781D28</key>
		<dict>
			<key>isa</key>
			<string>PBXFileReference</string>
			<key>lastKnownFileType</key>
			<string>sourcecode.swift</string>
			<key>path</key>
			<string>HealthActionWorkflowView.swift</string>
			<key>sourceTree</key>
			<string>&lt;group&gt;</string>
		</dict>
		<key>6FB998E96915F681526466FD</key>
		<dict>
			<key>buildConfigurationList</key>
			<string>7EF2066D45A21AA9855BA974</string>
			<key>buildPhases</key>
			<array>
				<string>B750BC6BFFB14DBE28D1187C</string>
				<string>95AA9530EEADA7721578B51E</string>
			</array>
			<key>buildRules</key>
			<array/>
			<key>dependencies</key>
			<array/>
			<key>isa</key>
			<string>PBXNativeTarget</string>
			<key>name</key>
			<string>ai智剪</string>
			<key>packageProductDependencies</key>
			<array/>
			<key>productName</key>
			<string>ai智剪</string>
			<key>productReference</key>
			<string>419F83A269D0EF5D1FAA3A2D</string>
			<key>productType</key>
			<string>com.apple.product-type.application</string>
		</dict>
		<key>70C843BADFBE1FBD4A1A0B75</key>
		<dict>
			<key>fileRef</key>
			<string>256C20F68BCAC7B861ECF2D2</string>
			<key>isa</key>
			<string>PBXBuildFile</string>
		</dict>
		<key>725CE02C725279C47CC1419E</key>
		<dict>
			<key>fileRef</key>
			<string>777DED787EB5D7403365540A</string>
			<key>isa</key>
			<string>PBXBuildFile</string>
		</dict>
		<key>7299EE75D1819614ED63FDB4</key>
		<dict>
			<key>fileRef</key>
			<string>3F599D4C15E85BFDA95A8099</string>
			<key>isa</key>
			<string>PBXBuildFile</string>
		</dict>
		<key>72B56A5B9DBBA6749B214F95</key>
		<dict>
			<key>fileRef</key>
			<string>76AFBFC3AEBEA710B63C484F</string>
			<key>isa</key>
			<string>PBXBuildFile</string>
		</dict>
		<key>733FA4B2C0D437FD4306F9C4</key>
		<dict>
			<key>fileRef</key>
			<string>FA1E13029970FAEDDC7A3D13</string>
			<key>isa</key>
			<string>PBXBuildFile</string>
		</dict>
		<key>73A64DB3679AD6F36FE400DD</key>
		<dict>
			<key>fileRef</key>
			<string>8CF588881306E6AFE4E57F5C</string>
			<key>isa</key>
			<string>PBXBuildFile</string>
		</dict>
		<key>7440772D14BCE778149D9327</key>
		<dict>
			<key>children</key>
			<array>
				<string>972366C8DB9C7A1BF5C06214</string>
				<string>11BDEEA4A00886A22F1FFD67</string>
				<string>75CABC0A675052E246B8AE0B</string>
				<string>391B55A6671DEC3DAB6AA414</string>
				<string>CC96BE533203C1559EC5C960</string>
				<string>145A6F150983A5CCDB2520C3</string>
				<string>99EB8984C71AD6940F8CEAF1</string>
				<string>777DED787EB5D7403365540A</string>
				<string>EEFE2B3D9F70863444C01850</string>
				<string>AE6D6A32B663790C6FB0AD18</string>
				<string>6B4FF7D2319DC43856DBE0BA</string>
				<string>FA1E13029970FAEDDC7A3D13</string>
				<string>7701B98F4EA62EB4B1D100C0</string>
				<string>0C8C686D5BC8A0D7B8820150</string>
				<string>3AE102ADE041B5D615BE726C</string>
				<string>D7E40E020DFDA13EE215891B</string>
				<string>281A060E41C0843D82B29C22</string>
				<string>C6E84AAFFD457C43A70EB270</string>
				<string>D1F39ECF5059A24D1C7579D2</string>
				<string>B02EAC5D86DB68826D5A607E</string>
				<string>0646C01CF55D33F50087297B</string>
				<string>9D9D62317FDE7D9B76ECE43E</string>
				<string>86EEDA50F0192D5CC91D3FB4</string>
				<string>02EE524C7D27D77DE8B3BD77</string>
				<string>CD7B4FC504692AD93FCB38EC</string>
				<string>BA2000629D5EE7B682FF1005</string>
				<string>42D2CF23948FB3E7CF5A2332</string>
				<string>92C4756711C4279131F5A1EB</string>
				<string>90B264BCC111C87F69C57F90</string>
				<string>256C20F68BCAC7B861ECF2D2</string>
				<string>2A5F1F38C72675E743D0AA92</string>
				<string>51AA949909DB406EB1C027C8</string>
				<string>C29C350276EBC40481A1FCC2</string>
				<string>17EE4B01342C4D1E7823CED0</string>
				<string>09D80E54557B8770C3E21A9C</string>
				<string>8A6768ECA9DCF8759EB7C224</string>
				<string>DFE7414597FA77D282B6E7F9</string>
				<string>D352AF227431C713E6090092</string>
				<string>30FFEE1294AD88202C6E3821</string>
				<string>1006907D1058471C90E97B607B9C5D44</string>
				<string>6F78D0A777CA4BEAB166CD0E4D781D28</string>
				<string>09AC9B09CA6D42F3A3B3A8CC43371C02</string>
			</array>
			<key>isa</key>
			<string>PBXGroup</string>
			<key>path</key>
			<string>Views</string>
			<key>sourceTree</key>
			<string>&lt;group&gt;</string>
		</dict>
		<key>75CABC0A675052E246B8AE0B</key>
		<dict>
			<key>isa</key>
			<string>PBXFileReference</string>
			<key>lastKnownFileType</key>
			<string>sourcecode.swift</string>
			<key>path</key>
			<string>AppKitVideoPlayerView.swift</string>
			<key>sourceTree</key>
			<string>&lt;group&gt;</string>
		</dict>
		<key>76AFBFC3AEBEA710B63C484F</key>
		<dict>
			<key>isa</key>
			<string>PBXFileReference</string>
			<key>lastKnownFileType</key>
			<string>sourcecode.swift</string>
			<key>path</key>
			<string>ScriptStoreTests.swift</string>
			<key>sourceTree</key>
			<string>&lt;group&gt;</string>
		</dict>
		<key>7701B98F4EA62EB4B1D100C0</key>
		<dict>
			<key>isa</key>
			<string>PBXFileReference</string>
			<key>lastKnownFileType</key>
			<string>sourcecode.swift</string>
			<key>path</key>
			<string>LipSyncImageView.swift</string>
			<key>sourceTree</key>
			<string>&lt;group&gt;</string>
		</dict>
		<key>777DED787EB5D7403365540A</key>
		<dict>
			<key>isa</key>
			<string>PBXFileReference</string>
			<key>lastKnownFileType</key>
			<string>sourcecode.swift</string>
			<key>path</key>
			<string>DashboardView.swift</string>
			<key>sourceTree</key>
			<string>&lt;group&gt;</string>
		</dict>
		<key>7A9F8EF1DAE142C4306432A5</key>
		<dict>
			<key>fileRef</key>
			<string>C29C350276EBC40481A1FCC2</string>
			<key>isa</key>
			<string>PBXBuildFile</string>
		</dict>
		<key>7AC26FA29AF33693FD50FA2A</key>
		<dict>
			<key>fileRef</key>
			<string>4E2CCCFC2AFCDFC21E0C0E71</string>
			<key>isa</key>
			<string>PBXBuildFile</string>
		</dict>
		<key>7B90B7298A19EE097A64E6F3</key>
		<dict>
			<key>buildConfigurationList</key>
			<string>B1A1E67346DD3AA39D337F06</string>
			<key>buildPhases</key>
			<array>
				<string>90F4C5C64029DA23C03FF884</string>
			</array>
			<key>buildRules</key>
			<array/>
			<key>dependencies</key>
			<array>
				<string>924206BDB194150BB070499D</string>
			</array>
			<key>isa</key>
			<string>PBXNativeTarget</string>
			<key>name</key>
			<string>ai智剪Tests</string>
			<key>packageProductDependencies</key>
			<array/>
			<key>productName</key>
			<string>ai智剪Tests</string>
			<key>productReference</key>
			<string>F493B95391C30261E880ADCB</string>
			<key>productType</key>
			<string>com.apple.product-type.bundle.unit-test</string>
		</dict>
		<key>7C861FB51C6246DBC4A8D9AA</key>
		<dict>
			<key>fileRef</key>
			<string>010690117B5032FEFB7A2422</string>
			<key>isa</key>
			<string>PBXBuildFile</string>
		</dict>
		<key>7EF2066D45A21AA9855BA974</key>
		<dict>
			<key>buildConfigurations</key>
			<array>
				<string>4C20E8135B695DB3C0045EB2</string>
				<string>9EF4EADBAA26F177FD9B5E36</string>
			</array>
			<key>defaultConfigurationIsVisible</key>
			<string>0</string>
			<key>defaultConfigurationName</key>
			<string>Debug</string>
			<key>isa</key>
			<string>XCConfigurationList</string>
		</dict>
		<key>807DC35968D4ACA08BE8FA99</key>
		<dict>
			<key>fileRef</key>
			<string>C6E84AAFFD457C43A70EB270</string>
			<key>isa</key>
			<string>PBXBuildFile</string>
		</dict>
		<key>86EEDA50F0192D5CC91D3FB4</key>
		<dict>
			<key>isa</key>
			<string>PBXFileReference</string>
			<key>lastKnownFileType</key>
			<string>sourcecode.swift</string>
			<key>path</key>
			<string>TaskListView.swift</string>
			<key>sourceTree</key>
			<string>&lt;group&gt;</string>
		</dict>
		<key>87A564513684908D79508C41</key>
		<dict>
			<key>fileRef</key>
			<string>2A5F1F38C72675E743D0AA92</string>
			<key>isa</key>
			<string>PBXBuildFile</string>
		</dict>
		<key>88D100FA35A79BCDD7CC59AA</key>
		<dict>
			<key>fileRef</key>
			<string>3281584C75C6E00A16A39361</string>
			<key>isa</key>
			<string>PBXBuildFile</string>
		</dict>
		<key>8915809646097496441DD167</key>
		<dict>
			<key>isa</key>
			<string>PBXFileReference</string>
			<key>lastKnownFileType</key>
			<string>sourcecode.swift</string>
			<key>path</key>
			<string>ai智剪App.swift</string>
			<key>sourceTree</key>
			<string>&lt;group&gt;</string>
		</dict>
		<key>8A6768ECA9DCF8759EB7C224</key>
		<dict>
			<key>isa</key>
			<string>PBXFileReference</string>
			<key>lastKnownFileType</key>
			<string>sourcecode.swift</string>
			<key>path</key>
			<string>WorkflowEdgeView.swift</string>
			<key>sourceTree</key>
			<string>&lt;group&gt;</string>
		</dict>
		<key>8BC1697DEEF064C9B33D334A</key>
		<dict>
			<key>fileRef</key>
			<string>D1F39ECF5059A24D1C7579D2</string>
			<key>isa</key>
			<string>PBXBuildFile</string>
		</dict>
		<key>8C6F725C3DC1B95B4E9BCB87</key>
		<dict>
			<key>fileRef</key>
			<string>BA3D1E8F960B6547835EECBA</string>
			<key>isa</key>
			<string>PBXBuildFile</string>
		</dict>
		<key>8CF588881306E6AFE4E57F5C</key>
		<dict>
			<key>isa</key>
			<string>PBXFileReference</string>
			<key>lastKnownFileType</key>
			<string>sourcecode.swift</string>
			<key>path</key>
			<string>EditTaskCoordinator.swift</string>
			<key>sourceTree</key>
			<string>&lt;group&gt;</string>
		</dict>
		<key>8D618F2636F50978FAA40626</key>
		<dict>
			<key>isa</key>
			<string>PBXFileReference</string>
			<key>lastKnownFileType</key>
			<string>sourcecode.swift</string>
			<key>path</key>
			<string>ScriptStore.swift</string>
			<key>sourceTree</key>
			<string>&lt;group&gt;</string>
		</dict>
		<key>8EF7822A59A16F65E8ABAE35</key>
		<dict>
			<key>isa</key>
			<string>PBXFileReference</string>
			<key>lastKnownFileType</key>
			<string>sourcecode.swift</string>
			<key>path</key>
			<string>ContentView.swift</string>
			<key>sourceTree</key>
			<string>&lt;group&gt;</string>
		</dict>
		<key>908143F66D661443E9D317EE</key>
		<dict>
			<key>fileRef</key>
			<string>09D80E54557B8770C3E21A9C</string>
			<key>isa</key>
			<string>PBXBuildFile</string>
		</dict>
		<key>90B264BCC111C87F69C57F90</key>
		<dict>
			<key>isa</key>
			<string>PBXFileReference</string>
			<key>lastKnownFileType</key>
			<string>sourcecode.swift</string>
			<key>path</key>
			<string>UserManageView.swift</string>
			<key>sourceTree</key>
			<string>&lt;group&gt;</string>
		</dict>
		<key>90F4C5C64029DA23C03FF884</key>
		<dict>
			<key>buildActionMask</key>
			<string>2147483647</string>
			<key>files</key>
			<array>
				<string>7AC26FA29AF33693FD50FA2A</string>
				<string>074557DF06807AD55D8E7D31</string>
				<string>7C861FB51C6246DBC4A8D9AA</string>
				<string>72B56A5B9DBBA6749B214F95</string>
				<string>E9DDEE25462F900600CBFC10</string>
				<string>61FF322BAC811FCAE287E352</string>
				<string>31F3DAFD0354B2920C408E42</string>
			</array>
			<key>isa</key>
			<string>PBXSourcesBuildPhase</string>
			<key>runOnlyForDeploymentPostprocessing</key>
			<string>0</string>
		</dict>
		<key>924206BDB194150BB070499D</key>
		<dict>
			<key>isa</key>
			<string>PBXTargetDependency</string>
			<key>target</key>
			<string>6FB998E96915F681526466FD</string>
			<key>targetProxy</key>
			<string>4E48ADC5B04B3F9D6B01EC17</string>
		</dict>
		<key>92C4756711C4279131F5A1EB</key>
		<dict>
			<key>isa</key>
			<string>PBXFileReference</string>
			<key>lastKnownFileType</key>
			<string>sourcecode.swift</string>
			<key>path</key>
			<string>TranscriptView.swift</string>
			<key>sourceTree</key>
			<string>&lt;group&gt;</string>
		</dict>
		<key>937AA86B6282B5F8F7F46BAC</key>
		<dict>
			<key>fileRef</key>
			<string>EEFE2B3D9F70863444C01850</string>
			<key>isa</key>
			<string>PBXBuildFile</string>
		</dict>
		<key>9509F7EB0A417558FBE6F083</key>
		<dict>
			<key>fileRef</key>
			<string>30FFEE1294AD88202C6E3821</string>
			<key>isa</key>
			<string>PBXBuildFile</string>
		</dict>
		<key>95AA9530EEADA7721578B51E</key>
		<dict>
			<key>buildActionMask</key>
			<string>2147483647</string>
			<key>files</key>
			<array>
				<string>5D4D7F84EC3E2476E736BD42</string>
			</array>
			<key>isa</key>
			<string>PBXResourcesBuildPhase</string>
			<key>runOnlyForDeploymentPostprocessing</key>
			<string>0</string>
		</dict>
		<key>972366C8DB9C7A1BF5C06214</key>
		<dict>
			<key>isa</key>
			<string>PBXFileReference</string>
			<key>lastKnownFileType</key>
			<string>sourcecode.swift</string>
			<key>path</key>
			<string>AiComicStudioView.swift</string>
			<key>sourceTree</key>
			<string>&lt;group&gt;</string>
		</dict>
		<key>98D50C904F630F5A257C687B</key>
		<dict>
			<key>fileRef</key>
			<string>8915809646097496441DD167</string>
			<key>isa</key>
			<string>PBXBuildFile</string>
		</dict>
		<key>99EB8984C71AD6940F8CEAF1</key>
		<dict>
			<key>isa</key>
			<string>PBXFileReference</string>
			<key>lastKnownFileType</key>
			<string>sourcecode.swift</string>
			<key>path</key>
			<string>CharacterReplaceView.swift</string>
			<key>sourceTree</key>
			<string>&lt;group&gt;</string>
		</dict>
		<key>9A0711E530091B5E2CED6DD7</key>
		<dict>
			<key>fileRef</key>
			<string>145A6F150983A5CCDB2520C3</string>
			<key>isa</key>
			<string>PBXBuildFile</string>
		</dict>
		<key>9D9D62317FDE7D9B76ECE43E</key>
		<dict>
			<key>isa</key>
			<string>PBXFileReference</string>
			<key>lastKnownFileType</key>
			<string>sourcecode.swift</string>
			<key>path</key>
			<string>SubtitleRemoveView.swift</string>
			<key>sourceTree</key>
			<string>&lt;group&gt;</string>
		</dict>
		<key>9EF4EADBAA26F177FD9B5E36</key>
		<dict>
			<key>buildSettings</key>
			<dict>
				<key>ASSETCATALOG_COMPILER_APPICON_NAME</key>
				<string>AppIcon</string>
				<key>COMBINE_HIDPI_IMAGES</key>
				<string>YES</string>
				<key>INFOPLIST_FILE</key>
				<string>ai智剪/Info.plist</string>
				<key>LD_RUNPATH_SEARCH_PATHS</key>
				<array>
					<string>$(inherited)</string>
					<string>@executable_path/../Frameworks</string>
				</array>
				<key>PRODUCT_BUNDLE_IDENTIFIER</key>
				<string>com.yourcompany.aizhijian</string>
				<key>PRODUCT_MODULE_NAME</key>
				<string>aiZhijian</string>
				<key>PRODUCT_NAME</key>
				<string>AI 智剪</string>
				<key>SDKROOT</key>
				<string>macosx</string>
			</dict>
			<key>isa</key>
			<string>XCBuildConfiguration</string>
			<key>name</key>
			<string>Release</string>
		</dict>
		<key>A35139F87C48EE8C6D6FA46D</key>
		<dict>
			<key>isa</key>
			<string>PBXFileReference</string>
			<key>lastKnownFileType</key>
			<string>sourcecode.swift</string>
			<key>path</key>
			<string>GenerationQueueStore.swift</string>
			<key>sourceTree</key>
			<string>&lt;group&gt;</string>
		</dict>
		<key>A571990B9896ABAE094C35F9</key>
		<dict>
			<key>fileRef</key>
			<string>391B55A6671DEC3DAB6AA414</string>
			<key>isa</key>
			<string>PBXBuildFile</string>
		</dict>
		<key>A5C4BF3A07074B3EB882C25B334BF662</key>
		<dict>
			<key>fileRef</key>
			<string>2183075486CE4758BE0BE11A4C2849B9</string>
			<key>isa</key>
			<string>PBXBuildFile</string>
		</dict>
		<key>A654F0A576C136BB9BA38ADC</key>
		<dict>
			<key>fileRef</key>
			<string>09389291E2332EF95F01280A</string>
			<key>isa</key>
			<string>PBXBuildFile</string>
		</dict>
		<key>A7390E6A2C6F4F4297BEA808E9E2EACF</key>
		<dict>
			<key>fileRef</key>
			<string>E772AF0286F746FBB19792D830B1BCD8</string>
			<key>isa</key>
			<string>PBXBuildFile</string>
		</dict>
		<key>A7B0BEC22AA4861DB7994930</key>
		<dict>
			<key>isa</key>
			<string>PBXFileReference</string>
			<key>lastKnownFileType</key>
			<string>sourcecode.swift</string>
			<key>path</key>
			<string>WorksStoreTests.swift</string>
			<key>sourceTree</key>
			<string>&lt;group&gt;</string>
		</dict>
		<key>AE6D6A32B663790C6FB0AD18</key>
		<dict>
			<key>isa</key>
			<string>PBXFileReference</string>
			<key>lastKnownFileType</key>
			<string>sourcecode.swift</string>
			<key>path</key>
			<string>GrokVideoView.swift</string>
			<key>sourceTree</key>
			<string>&lt;group&gt;</string>
		</dict>
		<key>AF486589ADC033423946EC55</key>
		<dict>
			<key>fileRef</key>
			<string>75CABC0A675052E246B8AE0B</string>
			<key>isa</key>
			<string>PBXBuildFile</string>
		</dict>
		<key>AF55866D340252862DF4DA5C</key>
		<dict>
			<key>fileRef</key>
			<string>8D618F2636F50978FAA40626</string>
			<key>isa</key>
			<string>PBXBuildFile</string>
		</dict>
		<key>AF6DDADD64C30795E6B88537</key>
		<dict>
			<key>fileRef</key>
			<string>BA2000629D5EE7B682FF1005</string>
			<key>isa</key>
			<string>PBXBuildFile</string>
		</dict>
		<key>B009C7D3093AC26380757E79</key>
		<dict>
			<key>isa</key>
			<string>PBXFileReference</string>
			<key>lastKnownFileType</key>
			<string>sourcecode.swift</string>
			<key>path</key>
			<string>WorkflowModels.swift</string>
			<key>sourceTree</key>
			<string>&lt;group&gt;</string>
		</dict>
		<key>B02EAC5D86DB68826D5A607E</key>
		<dict>
			<key>isa</key>
			<string>PBXFileReference</string>
			<key>lastKnownFileType</key>
			<string>sourcecode.swift</string>
			<key>path</key>
			<string>SeedanceVideoView.swift</string>
			<key>sourceTree</key>
			<string>&lt;group&gt;</string>
		</dict>
		<key>B0D39BF08D138720497D7DB8</key>
		<dict>
			<key>fileRef</key>
			<string>CC2A9A7FF69A433E6ED6212D</string>
			<key>isa</key>
			<string>PBXBuildFile</string>
		</dict>
		<key>B1A1E67346DD3AA39D337F06</key>
		<dict>
			<key>buildConfigurations</key>
			<array>
				<string>409969E0B9895980C5101513</string>
				<string>000CC90A8D440685CF83E2F3</string>
			</array>
			<key>defaultConfigurationIsVisible</key>
			<string>0</string>
			<key>defaultConfigurationName</key>
			<string>Debug</string>
			<key>isa</key>
			<string>XCConfigurationList</string>
		</dict>
		<key>B58E188A744AE698BFC4DDBB</key>
		<dict>
			<key>fileRef</key>
			<string>11BDEEA4A00886A22F1FFD67</string>
			<key>isa</key>
			<string>PBXBuildFile</string>
		</dict>
		<key>B750BC6BFFB14DBE28D1187C</key>
		<dict>
			<key>buildActionMask</key>
			<string>2147483647</string>
			<key>files</key>
			<array>
				<string>B0D39BF08D138720497D7DB8</string>
				<string>88D100FA35A79BCDD7CC59AA</string>
				<string>67526E7D17DA46A85DBCE8C1</string>
				<string>8C6F725C3DC1B95B4E9BCB87</string>
				<string>1986D303E014D319497BF707</string>
				<string>C4B389102C5685CAD228E7E7</string>
				<string>B58E188A744AE698BFC4DDBB</string>
				<string>AF486589ADC033423946EC55</string>
				<string>A571990B9896ABAE094C35F9</string>
				<string>FC5639591F2174235F472FA8</string>
				<string>9A0711E530091B5E2CED6DD7</string>
				<string>49B144DE1736D1D5D840E32C</string>
				<string>599FAB61653D16DAD7260FD6</string>
				<string>C437ECF1E50401E67BC86CB4</string>
				<string>725CE02C725279C47CC1419E</string>
				<string>937AA86B6282B5F8F7F46BAC</string>
				<string>73A64DB3679AD6F36FE400DD</string>
				<string>2BF3EB74088CB3C94F8EFB2B</string>
				<string>7299EE75D1819614ED63FDB4</string>
				<string>4DBCACF08AC44109223D56C6</string>
				<string>F2FA2D5DDA021B8843EC4CDA</string>
				<string>A654F0A576C136BB9BA38ADC</string>
				<string>D7A6390EBFDA32AA4DD76F56</string>
				<string>EA312233BAB9F46CE25FB03A</string>
				<string>733FA4B2C0D437FD4306F9C4</string>
				<string>493F976CEC770C213B9ABAA1</string>
				<string>12760CB06DA2BFA1D20DB37E</string>
				<string>DBEBC4F0ABC4BC3D0515493A</string>
				<string>4EB98D1DD798EA7BB24472E2</string>
				<string>41840D13266B268D5ABDACDE</string>
				<string>BB9B5C1E1BD0293DB589C546</string>
				<string>5F22E111524A9D751357970A</string>
				<string>807DC35968D4ACA08BE8FA99</string>
				<string>8BC1697DEEF064C9B33D334A</string>
				<string>AF55866D340252862DF4DA5C</string>
				<string>2A228E486AFEB2D6F407948F</string>
				<string>01A54ED430F9FC5AF41EA8C9</string>
				<string>21194876CF2C476286072BEC</string>
				<string>1831086661E3B5780A4BB282</string>
				<string>D4CCCF1B54B8A594EB70377A</string>
				<string>1B93149478842BD71BCC209C</string>
				<string>2A89F68A5B67FAE9619E2E02</string>
				<string>AF6DDADD64C30795E6B88537</string>
				<string>2C8D7AB325E63FB6E805EE82</string>
				<string>401B28E1CC3B8774D8FDB300</string>
				<string>584E2DEE2B2E3F503A46EE30</string>
				<string>70C843BADFBE1FBD4A1A0B75</string>
				<string>6481A61044B20EBE45BC447B</string>
				<string>87A564513684908D79508C41</string>
				<string>1E705143F9F55ABB9FCC4DA3</string>
				<string>7A9F8EF1DAE142C4306432A5</string>
				<string>43F08D71A3E412C172DBF462</string>
				<string>908143F66D661443E9D317EE</string>
				<string>39E174FE1BE9CFDEB4875DFA</string>
				<string>C2719EF858BE013828BD1712</string>
				<string>2F2DD63791B806C6470B0F69</string>
				<string>48DA6272AF93C152D0B6197E</string>
				<string>41B066C2669D8F33B9388A6D</string>
				<string>C67E492B75016E0DC41E0AC1</string>
				<string>9509F7EB0A417558FBE6F083</string>
				<string>ED7A052DC884A9E66F9B715B</string>
				<string>98D50C904F630F5A257C687B</string>
				<string>A7390E6A2C6F4F4297BEA808E9E2EACF</string>
				<string>024EF6792BFB4520B6188680775906CC</string>
				<string>39F9BC2EA7974A83BCDDC437DE2FC180</string>
				<string>F39CB9A902804DA3B71BF7EC2BF0A585</string>
				<string>A5C4BF3A07074B3EB882C25B334BF662</string>
				<string>1128350BFFC645C9B6A6A33EC48AC438</string>
			</array>
			<key>isa</key>
			<string>PBXSourcesBuildPhase</string>
			<key>runOnlyForDeploymentPostprocessing</key>
			<string>0</string>
		</dict>
		<key>BA2000629D5EE7B682FF1005</key>
		<dict>
			<key>isa</key>
			<string>PBXFileReference</string>
			<key>lastKnownFileType</key>
			<string>sourcecode.swift</string>
			<key>path</key>
			<string>TikTokScrapeControlView.swift</string>
			<key>sourceTree</key>
			<string>&lt;group&gt;</string>
		</dict>
		<key>BA3D1E8F960B6547835EECBA</key>
		<dict>
			<key>isa</key>
			<string>PBXFileReference</string>
			<key>lastKnownFileType</key>
			<string>sourcecode.swift</string>
			<key>path</key>
			<string>APIService+TikTok.swift</string>
			<key>sourceTree</key>
			<string>&lt;group&gt;</string>
		</dict>
		<key>BB9B5C1E1BD0293DB589C546</key>
		<dict>
			<key>fileRef</key>
			<string>E831E00BB7A8B780544C40D6</string>
			<key>isa</key>
			<string>PBXBuildFile</string>
		</dict>
		<key>C2719EF858BE013828BD1712</key>
		<dict>
			<key>fileRef</key>
			<string>DFE7414597FA77D282B6E7F9</string>
			<key>isa</key>
			<string>PBXBuildFile</string>
		</dict>
		<key>C29C350276EBC40481A1FCC2</key>
		<dict>
			<key>isa</key>
			<string>PBXFileReference</string>
			<key>lastKnownFileType</key>
			<string>sourcecode.swift</string>
			<key>path</key>
			<string>VoiceGenView.swift</string>
			<key>sourceTree</key>
			<string>&lt;group&gt;</string>
		</dict>
		<key>C437ECF1E50401E67BC86CB4</key>
		<dict>
			<key>fileRef</key>
			<string>0241C1872854559056357E88</string>
			<key>isa</key>
			<string>PBXBuildFile</string>
		</dict>
		<key>C4A25BD705DC5253DF11E9A8</key>
		<dict>
			<key>isa</key>
			<string>PBXFileReference</string>
			<key>lastKnownFileType</key>
			<string>sourcecode.swift</string>
			<key>path</key>
			<string>GenerationPreflightService.swift</string>
			<key>sourceTree</key>
			<string>&lt;group&gt;</string>
		</dict>
		<key>C4B389102C5685CAD228E7E7</key>
		<dict>
			<key>fileRef</key>
			<string>972366C8DB9C7A1BF5C06214</string>
			<key>isa</key>
			<string>PBXBuildFile</string>
		</dict>
		<key>C58B5822D92013E35C001050</key>
		<dict>
			<key>isa</key>
			<string>PBXFileReference</string>
			<key>lastKnownFileType</key>
			<string>sourcecode.swift</string>
			<key>path</key>
			<string>ExportService.swift</string>
			<key>sourceTree</key>
			<string>&lt;group&gt;</string>
		</dict>
		<key>C67E492B75016E0DC41E0AC1</key>
		<dict>
			<key>fileRef</key>
			<string>580DB49A9DB57BD5CA15A31E</string>
			<key>isa</key>
			<string>PBXBuildFile</string>
		</dict>
		<key>C6E84AAFFD457C43A70EB270</key>
		<dict>
			<key>isa</key>
			<string>PBXFileReference</string>
			<key>lastKnownFileType</key>
			<string>sourcecode.swift</string>
			<key>path</key>
			<string>ScriptEditorView.swift</string>
			<key>sourceTree</key>
			<string>&lt;group&gt;</string>
		</dict>
		<key>CB54ADAB292B475CBF24E431</key>
		<dict>
			<key>isa</key>
			<string>PBXFileReference</string>
			<key>lastKnownFileType</key>
			<string>sourcecode.swift</string>
			<key>path</key>
			<string>MediaMetadataHelper.swift</string>
			<key>sourceTree</key>
			<string>&lt;group&gt;</string>
		</dict>
		<key>CBB1499C3086C4FB6CE0501E</key>
		<dict>
			<key>children</key>
			<array>
				<string>8915809646097496441DD167</string>
				<string>640ECD8B9BB50D854FF4DEC3</string>
				<string>8EF7822A59A16F65E8ABAE35</string>
				<string>2D7EC743452E4630666F5992</string>
				<string>2C0654EB211773EED5AF2B03</string>
				<string>7440772D14BCE778149D9327</string>
			</array>
			<key>isa</key>
			<string>PBXGroup</string>
			<key>path</key>
			<string>ai智剪</string>
			<key>sourceTree</key>
			<string>&lt;group&gt;</string>
		</dict>
		<key>CC2A9A7FF69A433E6ED6212D</key>
		<dict>
			<key>isa</key>
			<string>PBXFileReference</string>
			<key>lastKnownFileType</key>
			<string>sourcecode.swift</string>
			<key>path</key>
			<string>APIService+Admin.swift</string>
			<key>sourceTree</key>
			<string>&lt;group&gt;</string>
		</dict>
		<key>CC96BE533203C1559EC5C960</key>
		<dict>
			<key>isa</key>
			<string>PBXFileReference</string>
			<key>lastKnownFileType</key>
			<string>sourcecode.swift</string>
			<key>path</key>
			<string>BananaView.swift</string>
			<key>sourceTree</key>
			<string>&lt;group&gt;</string>
		</dict>
		<key>CD7B4FC504692AD93FCB38EC</key>
		<dict>
			<key>isa</key>
			<string>PBXFileReference</string>
			<key>lastKnownFileType</key>
			<string>sourcecode.swift</string>
			<key>path</key>
			<string>TikTokCreatorsView.swift</string>
			<key>sourceTree</key>
			<string>&lt;group&gt;</string>
		</dict>
		<key>D1F39ECF5059A24D1C7579D2</key>
		<dict>
			<key>isa</key>
			<string>PBXFileReference</string>
			<key>lastKnownFileType</key>
			<string>sourcecode.swift</string>
			<key>path</key>
			<string>ScriptLibraryView.swift</string>
			<key>sourceTree</key>
			<string>&lt;group&gt;</string>
		</dict>
		<key>D352AF227431C713E6090092</key>
		<dict>
			<key>isa</key>
			<string>PBXFileReference</string>
			<key>lastKnownFileType</key>
			<string>sourcecode.swift</string>
			<key>path</key>
			<string>WorkflowNodeView.swift</string>
			<key>sourceTree</key>
			<string>&lt;group&gt;</string>
		</dict>
		<key>D4CCCF1B54B8A594EB70377A</key>
		<dict>
			<key>fileRef</key>
			<string>02EE524C7D27D77DE8B3BD77</string>
			<key>isa</key>
			<string>PBXBuildFile</string>
		</dict>
		<key>D7A6390EBFDA32AA4DD76F56</key>
		<dict>
			<key>fileRef</key>
			<string>AE6D6A32B663790C6FB0AD18</string>
			<key>isa</key>
			<string>PBXBuildFile</string>
		</dict>
		<key>D7B65AFB80CF250A4126A696</key>
		<dict>
			<key>isa</key>
			<string>PBXFileReference</string>
			<key>lastKnownFileType</key>
			<string>sourcecode.swift</string>
			<key>path</key>
			<string>WorkflowRunPersistence.swift</string>
			<key>sourceTree</key>
			<string>&lt;group&gt;</string>
		</dict>
		<key>D7E40E020DFDA13EE215891B</key>
		<dict>
			<key>isa</key>
			<string>PBXFileReference</string>
			<key>lastKnownFileType</key>
			<string>sourcecode.swift</string>
			<key>path</key>
			<string>MotionTransferView.swift</string>
			<key>sourceTree</key>
			<string>&lt;group&gt;</string>
		</dict>
		<key>DA10C25B08768AF06AB7BBB4</key>
		<dict>
			<key>buildSettings</key>
			<dict>
				<key>ALWAYS_SEARCH_USER_PATHS</key>
				<string>NO</string>
				<key>CLANG_ANALYZER_NONNULL</key>
				<string>YES</string>
				<key>CLANG_ANALYZER_NUMBER_OBJECT_CONVERSION</key>
				<string>YES_AGGRESSIVE</string>
				<key>CLANG_CXX_LANGUAGE_STANDARD</key>
				<string>gnu++14</string>
				<key>CLANG_CXX_LIBRARY</key>
				<string>libc++</string>
				<key>CLANG_ENABLE_MODULES</key>
				<string>YES</string>
				<key>CLANG_ENABLE_OBJC_ARC</key>
				<string>YES</string>
				<key>CLANG_ENABLE_OBJC_WEAK</key>
				<string>YES</string>
				<key>CLANG_WARN_BLOCK_CAPTURE_AUTORELEASING</key>
				<string>YES</string>
				<key>CLANG_WARN_BOOL_CONVERSION</key>
				<string>YES</string>
				<key>CLANG_WARN_COMMA</key>
				<string>YES</string>
				<key>CLANG_WARN_CONSTANT_CONVERSION</key>
				<string>YES</string>
				<key>CLANG_WARN_DEPRECATED_OBJC_IMPLEMENTATIONS</key>
				<string>YES</string>
				<key>CLANG_WARN_DIRECT_OBJC_ISA_USAGE</key>
				<string>YES_ERROR</string>
				<key>CLANG_WARN_DOCUMENTATION_COMMENTS</key>
				<string>YES</string>
				<key>CLANG_WARN_EMPTY_BODY</key>
				<string>YES</string>
				<key>CLANG_WARN_ENUM_CONVERSION</key>
				<string>YES</string>
				<key>CLANG_WARN_INFINITE_RECURSION</key>
				<string>YES</string>
				<key>CLANG_WARN_INT_CONVERSION</key>
				<string>YES</string>
				<key>CLANG_WARN_NON_LITERAL_NULL_CONVERSION</key>
				<string>YES</string>
				<key>CLANG_WARN_OBJC_IMPLICIT_RETAIN_SELF</key>
				<string>YES</string>
				<key>CLANG_WARN_OBJC_LITERAL_CONVERSION</key>
				<string>YES</string>
				<key>CLANG_WARN_OBJC_ROOT_CLASS</key>
				<string>YES_ERROR</string>
				<key>CLANG_WARN_QUOTED_INCLUDE_IN_FRAMEWORK_HEADER</key>
				<string>YES</string>
				<key>CLANG_WARN_RANGE_LOOP_ANALYSIS</key>
				<string>YES</string>
				<key>CLANG_WARN_STRICT_PROTOTYPES</key>
				<string>YES</string>
				<key>CLANG_WARN_SUSPICIOUS_MOVE</key>
				<string>YES</string>
				<key>CLANG_WARN_UNGUARDED_AVAILABILITY</key>
				<string>YES_AGGRESSIVE</string>
				<key>CLANG_WARN_UNREACHABLE_CODE</key>
				<string>YES</string>
				<key>CLANG_WARN__DUPLICATE_METHOD_MATCH</key>
				<string>YES</string>
				<key>COPY_PHASE_STRIP</key>
				<string>NO</string>
				<key>DEBUG_INFORMATION_FORMAT</key>
				<string>dwarf</string>
				<key>DEVELOPMENT_TEAM</key>
				<string></string>
				<key>ENABLE_STRICT_OBJC_MSGSEND</key>
				<string>YES</string>
				<key>ENABLE_TESTABILITY</key>
				<string>YES</string>
				<key>ENABLE_USER_SCRIPT_SANDBOXING</key>
				<string>NO</string>
				<key>GCC_C_LANGUAGE_STANDARD</key>
				<string>gnu11</string>
				<key>GCC_DYNAMIC_NO_PIC</key>
				<string>NO</string>
				<key>GCC_NO_COMMON_BLOCKS</key>
				<string>YES</string>
				<key>GCC_OPTIMIZATION_LEVEL</key>
				<string>0</string>
				<key>GCC_PREPROCESSOR_DEFINITIONS</key>
				<array>
					<string>$(inherited)</string>
					<string>DEBUG=1</string>
				</array>
				<key>GCC_WARN_64_TO_32_BIT_CONVERSION</key>
				<string>YES</string>
				<key>GCC_WARN_ABOUT_RETURN_TYPE</key>
				<string>YES_ERROR</string>
				<key>GCC_WARN_UNDECLARED_SELECTOR</key>
				<string>YES</string>
				<key>GCC_WARN_UNINITIALIZED_AUTOS</key>
				<string>YES_AGGRESSIVE</string>
				<key>GCC_WARN_UNUSED_FUNCTION</key>
				<string>YES</string>
				<key>GCC_WARN_UNUSED_VARIABLE</key>
				<string>YES</string>
				<key>GENERATE_INFOPLIST_FILE</key>
				<string>YES</string>
				<key>MACOSX_DEPLOYMENT_TARGET</key>
				<string>14.0</string>
				<key>MTL_ENABLE_DEBUG_INFO</key>
				<string>INCLUDE_SOURCE</string>
				<key>MTL_FAST_MATH</key>
				<string>YES</string>
				<key>ONLY_ACTIVE_ARCH</key>
				<string>YES</string>
				<key>PRODUCT_NAME</key>
				<string>$(TARGET_NAME)</string>
				<key>SDKROOT</key>
				<string>macosx</string>
				<key>SWIFT_ACTIVE_COMPILATION_CONDITIONS</key>
				<string>DEBUG</string>
				<key>SWIFT_OPTIMIZATION_LEVEL</key>
				<string>-Onone</string>
				<key>SWIFT_VERSION</key>
				<string>6.0</string>
			</dict>
			<key>isa</key>
			<string>XCBuildConfiguration</string>
			<key>name</key>
			<string>Debug</string>
		</dict>
		<key>DBEBC4F0ABC4BC3D0515493A</key>
		<dict>
			<key>fileRef</key>
			<string>3AE102ADE041B5D615BE726C</string>
			<key>isa</key>
			<string>PBXBuildFile</string>
		</dict>
		<key>DFE7414597FA77D282B6E7F9</key>
		<dict>
			<key>isa</key>
			<string>PBXFileReference</string>
			<key>lastKnownFileType</key>
			<string>sourcecode.swift</string>
			<key>path</key>
			<string>WorkflowEditorView.swift</string>
			<key>sourceTree</key>
			<string>&lt;group&gt;</string>
		</dict>
		<key>E3AFE42A01BDCB0DB9658B3F</key>
		<dict>
			<key>isa</key>
			<string>PBXFileReference</string>
			<key>lastKnownFileType</key>
			<string>sourcecode.swift</string>
			<key>path</key>
			<string>WorksStore.swift</string>
			<key>sourceTree</key>
			<string>&lt;group&gt;</string>
		</dict>
		<key>E772AF0286F746FBB19792D830B1BCD8</key>
		<dict>
			<key>isa</key>
			<string>PBXFileReference</string>
			<key>lastKnownFileType</key>
			<string>sourcecode.swift</string>
			<key>path</key>
			<string>APIService+TextImageVideo.swift</string>
			<key>sourceTree</key>
			<string>&lt;group&gt;</string>
		</dict>
		<key>E831E00BB7A8B780544C40D6</key>
		<dict>
			<key>isa</key>
			<string>PBXFileReference</string>
			<key>lastKnownFileType</key>
			<string>sourcecode.swift</string>
			<key>path</key>
			<string>PresetStore.swift</string>
			<key>sourceTree</key>
			<string>&lt;group&gt;</string>
		</dict>
		<key>E9DDEE25462F900600CBFC10</key>
		<dict>
			<key>fileRef</key>
			<string>FC01135ACF1AC1F6230C57C0</string>
			<key>isa</key>
			<string>PBXBuildFile</string>
		</dict>
		<key>EA312233BAB9F46CE25FB03A</key>
		<dict>
			<key>fileRef</key>
			<string>6B4FF7D2319DC43856DBE0BA</string>
			<key>isa</key>
			<string>PBXBuildFile</string>
		</dict>
		<key>ED7A052DC884A9E66F9B715B</key>
		<dict>
			<key>fileRef</key>
			<string>E3AFE42A01BDCB0DB9658B3F</string>
			<key>isa</key>
			<string>PBXBuildFile</string>
		</dict>
		<key>EEFE2B3D9F70863444C01850</key>
		<dict>
			<key>isa</key>
			<string>PBXFileReference</string>
			<key>lastKnownFileType</key>
			<string>sourcecode.swift</string>
			<key>path</key>
			<string>DramaWizardView.swift</string>
			<key>sourceTree</key>
			<string>&lt;group&gt;</string>
		</dict>
		<key>F2FA2D5DDA021B8843EC4CDA</key>
		<dict>
			<key>fileRef</key>
			<string>A35139F87C48EE8C6D6FA46D</string>
			<key>isa</key>
			<string>PBXBuildFile</string>
		</dict>
		<key>F39CB9A902804DA3B71BF7EC2BF0A585</key>
		<dict>
			<key>fileRef</key>
			<string>6F78D0A777CA4BEAB166CD0E4D781D28</string>
			<key>isa</key>
			<string>PBXBuildFile</string>
		</dict>
		<key>F493B95391C30261E880ADCB</key>
		<dict>
			<key>explicitFileType</key>
			<string>wrapper.cfbundle</string>
			<key>includeInIndex</key>
			<string>0</string>
			<key>isa</key>
			<string>PBXFileReference</string>
			<key>path</key>
			<string>ai智剪Tests.xctest</string>
			<key>sourceTree</key>
			<string>BUILT_PRODUCTS_DIR</string>
		</dict>
		<key>F5A43797F799759ECADF1604</key>
		<dict>
			<key>isa</key>
			<string>PBXFileReference</string>
			<key>lastKnownFileType</key>
			<string>sourcecode.swift</string>
			<key>path</key>
			<string>ExportServiceTests.swift</string>
			<key>sourceTree</key>
			<string>&lt;group&gt;</string>
		</dict>
		<key>FA1E13029970FAEDDC7A3D13</key>
		<dict>
			<key>isa</key>
			<string>PBXFileReference</string>
			<key>lastKnownFileType</key>
			<string>sourcecode.swift</string>
			<key>path</key>
			<string>ImageGenView.swift</string>
			<key>sourceTree</key>
			<string>&lt;group&gt;</string>
		</dict>
		<key>FC01135ACF1AC1F6230C57C0</key>
		<dict>
			<key>isa</key>
			<string>PBXFileReference</string>
			<key>lastKnownFileType</key>
			<string>sourcecode.swift</string>
			<key>path</key>
			<string>SmokeTests.swift</string>
			<key>sourceTree</key>
			<string>&lt;group&gt;</string>
		</dict>
		<key>FC5639591F2174235F472FA8</key>
		<dict>
			<key>fileRef</key>
			<string>CC96BE533203C1559EC5C960</string>
			<key>isa</key>
			<string>PBXBuildFile</string>
		</dict>
		<key>FF2664B453B5B8B485F29246</key>
		<dict>
			<key>children</key>
			<array>
				<string>CBB1499C3086C4FB6CE0501E</string>
				<string>6894B2636E422274D5C013EC</string>
				<string>4D6E4A3C6D83246CA66544C0</string>
			</array>
			<key>isa</key>
			<string>PBXGroup</string>
			<key>sourceTree</key>
			<string>&lt;group&gt;</string>
		</dict>
	</dict>
	<key>rootObject</key>
	<string>319BD9138521DF33BA129DAB</string>
</dict>
</plist>
