// !$*UTF8*$!
{
	archiveVersion = 1;
	classes = {
	};
	objectVersion = 77;
	objects = {

/* Begin PBXBuildFile section */
		01A54ED430F9FC5AF41EA8C9 /* SettingsView.swift in Sources */ = {isa = PBXBuildFile; fileRef = 0646C01CF55D33F50087297B /* SettingsView.swift */; };
		074557DF06807AD55D8E7D31 /* ExportServiceTests.swift in Sources */ = {isa = PBXBuildFile; fileRef = F5A43797F799759ECADF1604 /* ExportServiceTests.swift */; };
		12760CB06DA2BFA1D20DB37E /* LoginView.swift in Sources */ = {isa = PBXBuildFile; fileRef = 0C8C686D5BC8A0D7B8820150 /* LoginView.swift */; };
		1831086661E3B5780A4BB282 /* TaskListView.swift in Sources */ = {isa = PBXBuildFile; fileRef = 86EEDA50F0192D5CC91D3FB4 /* TaskListView.swift */; };
		1986D303E014D319497BF707 /* APIService.swift in Sources */ = {isa = PBXBuildFile; fileRef = 23C8B9E779724A391CD2E2FB /* APIService.swift */; };
		2A228E486AFEB2D6F407948F /* SeedanceVideoView.swift in Sources */ = {isa = PBXBuildFile; fileRef = B02EAC5D86DB68826D5A607E /* SeedanceVideoView.swift */; };
		2BF3EB74088CB3C94F8EFB2B /* ExportService.swift in Sources */ = {isa = PBXBuildFile; fileRef = C58B5822D92013E35C001050 /* ExportService.swift */; };
		2F2DD63791B806C6470B0F69 /* WorkflowModels.swift in Sources */ = {isa = PBXBuildFile; fileRef = B009C7D3093AC26380757E79 /* WorkflowModels.swift */; };
		39E174FE1BE9CFDEB4875DFA /* WorkflowEdgeView.swift in Sources */ = {isa = PBXBuildFile; fileRef = 8A6768ECA9DCF8759EB7C224 /* WorkflowEdgeView.swift */; };
		41B066C2669D8F33B9388A6D /* WorkflowRunPersistence.swift in Sources */ = {isa = PBXBuildFile; fileRef = D7B65AFB80CF250A4126A696 /* WorkflowRunPersistence.swift */; };
		43F08D71A3E412C172DBF462 /* WanVideoView.swift in Sources */ = {isa = PBXBuildFile; fileRef = 17EE4B01342C4D1E7823CED0 /* WanVideoView.swift */; };
		48DA6272AF93C152D0B6197E /* WorkflowNodeView.swift in Sources */ = {isa = PBXBuildFile; fileRef = D352AF227431C713E6090092 /* WorkflowNodeView.swift */; };
		4EB98D1DD798EA7BB24472E2 /* MediaMetadataHelper.swift in Sources */ = {isa = PBXBuildFile; fileRef = CB54ADAB292B475CBF24E431 /* MediaMetadataHelper.swift */; };
		599FAB61653D16DAD7260FD6 /* ContentView.swift in Sources */ = {isa = PBXBuildFile; fileRef = 8EF7822A59A16F65E8ABAE35 /* ContentView.swift */; };
		5D4D7F84EC3E2476E736BD42 /* Assets.xcassets in Resources */ = {isa = PBXBuildFile; fileRef = 640ECD8B9BB50D854FF4DEC3 /* Assets.xcassets */; };
		61FF322BAC811FCAE287E352 /* WorkflowCanvasTests.swift in Sources */ = {isa = PBXBuildFile; fileRef = 491E7D5F0FC10AE08A9E5EF4 /* WorkflowCanvasTests.swift */; };
		6481A61044B20EBE45BC447B /* VeoRules.swift in Sources */ = {isa = PBXBuildFile; fileRef = 515BD320BB1D1396A74A7F10 /* VeoRules.swift */; };
		725CE02C725279C47CC1419E /* DashboardView.swift in Sources */ = {isa = PBXBuildFile; fileRef = 777DED787EB5D7403365540A /* DashboardView.swift */; };
		7299EE75D1819614ED63FDB4 /* FileRef.swift in Sources */ = {isa = PBXBuildFile; fileRef = 3F599D4C15E85BFDA95A8099 /* FileRef.swift */; };
		733FA4B2C0D437FD4306F9C4 /* ImageGenView.swift in Sources */ = {isa = PBXBuildFile; fileRef = FA1E13029970FAEDDC7A3D13 /* ImageGenView.swift */; };
		73A64DB3679AD6F36FE400DD /* EditTaskCoordinator.swift in Sources */ = {isa = PBXBuildFile; fileRef = 8CF588881306E6AFE4E57F5C /* EditTaskCoordinator.swift */; };
		7AC26FA29AF33693FD50FA2A /* BatchGroupingTests.swift in Sources */ = {isa = PBXBuildFile; fileRef = 4E2CCCFC2AFCDFC21E0C0E71 /* BatchGroupingTests.swift */; };
		87A564513684908D79508C41 /* VeoVideoView.swift in Sources */ = {isa = PBXBuildFile; fileRef = 2A5F1F38C72675E743D0AA92 /* VeoVideoView.swift */; };
		908143F66D661443E9D317EE /* WorkflowCanvasView.swift in Sources */ = {isa = PBXBuildFile; fileRef = 09D80E54557B8770C3E21A9C /* WorkflowCanvasView.swift */; };
		9509F7EB0A417558FBE6F083 /* WorksGalleryView.swift in Sources */ = {isa = PBXBuildFile; fileRef = 30FFEE1294AD88202C6E3821 /* WorksGalleryView.swift */; };
		98D50C904F630F5A257C687B /* ai智剪App.swift in Sources */ = {isa = PBXBuildFile; fileRef = 8915809646097496441DD167 /* ai智剪App.swift */; };
		A654F0A576C136BB9BA38ADC /* GenerationTaskExecutor.swift in Sources */ = {isa = PBXBuildFile; fileRef = 09389291E2332EF95F01280A /* GenerationTaskExecutor.swift */; };
		BB9B5C1E1BD0293DB589C546 /* PresetStore.swift in Sources */ = {isa = PBXBuildFile; fileRef = E831E00BB7A8B780544C40D6 /* PresetStore.swift */; };
		C2719EF858BE013828BD1712 /* WorkflowEditorView.swift in Sources */ = {isa = PBXBuildFile; fileRef = DFE7414597FA77D282B6E7F9 /* WorkflowEditorView.swift */; };
		C437ECF1E50401E67BC86CB4 /* CredentialStore.swift in Sources */ = {isa = PBXBuildFile; fileRef = 0241C1872854559056357E88 /* CredentialStore.swift */; };
		C67E492B75016E0DC41E0AC1 /* WorkflowStore.swift in Sources */ = {isa = PBXBuildFile; fileRef = 580DB49A9DB57BD5CA15A31E /* WorkflowStore.swift */; };
		D7A6390EBFDA32AA4DD76F56 /* GrokVideoView.swift in Sources */ = {isa = PBXBuildFile; fileRef = AE6D6A32B663790C6FB0AD18 /* GrokVideoView.swift */; };
		DBEBC4F0ABC4BC3D0515493A /* MainView.swift in Sources */ = {isa = PBXBuildFile; fileRef = 3AE102ADE041B5D615BE726C /* MainView.swift */; };
		E9DDEE25462F900600CBFC10 /* SmokeTests.swift in Sources */ = {isa = PBXBuildFile; fileRef = FC01135ACF1AC1F6230C57C0 /* SmokeTests.swift */; };
		ED7A052DC884A9E66F9B715B /* WorksStore.swift in Sources */ = {isa = PBXBuildFile; fileRef = E3AFE42A01BDCB0DB9658B3F /* WorksStore.swift */; };
		F2FA2D5DDA021B8843EC4CDA /* GenerationQueueStore.swift in Sources */ = {isa = PBXBuildFile; fileRef = A35139F87C48EE8C6D6FA46D /* GenerationQueueStore.swift */; };
		FC5639591F2174235F472FA8 /* BananaView.swift in Sources */ = {isa = PBXBuildFile; fileRef = CC96BE533203C1559EC5C960 /* BananaView.swift */; };
/* End PBXBuildFile section */

/* Begin PBXContainerItemProxy section */
		4E48ADC5B04B3F9D6B01EC17 /* PBXContainerItemProxy */ = {
			isa = PBXContainerItemProxy;
			containerPortal = 319BD9138521DF33BA129DAB /* Project object */;
			proxyType = 1;
			remoteGlobalIDString = 6FB998E96915F681526466FD;
			remoteInfo = "ai智剪";
		};
/* End PBXContainerItemProxy section */

/* Begin PBXFileReference section */
		0241C1872854559056357E88 /* CredentialStore.swift */ = {isa = PBXFileReference; lastKnownFileType = sourcecode.swift; path = CredentialStore.swift; sourceTree = "<group>"; };
		0646C01CF55D33F50087297B /* SettingsView.swift */ = {isa = PBXFileReference; lastKnownFileType = sourcecode.swift; path = SettingsView.swift; sourceTree = "<group>"; };
		09389291E2332EF95F01280A /* GenerationTaskExecutor.swift */ = {isa = PBXFileReference; lastKnownFileType = sourcecode.swift; path = GenerationTaskExecutor.swift; sourceTree = "<group>"; };
		09D80E54557B8770C3E21A9C /* WorkflowCanvasView.swift */ = {isa = PBXFileReference; lastKnownFileType = sourcecode.swift; path = WorkflowCanvasView.swift; sourceTree = "<group>"; };
		0C8C686D5BC8A0D7B8820150 /* LoginView.swift */ = {isa = PBXFileReference; lastKnownFileType = sourcecode.swift; path = LoginView.swift; sourceTree = "<group>"; };
		17EE4B01342C4D1E7823CED0 /* WanVideoView.swift */ = {isa = PBXFileReference; lastKnownFileType = sourcecode.swift; path = WanVideoView.swift; sourceTree = "<group>"; };
		23C8B9E779724A391CD2E2FB /* APIService.swift */ = {isa = PBXFileReference; lastKnownFileType = sourcecode.swift; path = APIService.swift; sourceTree = "<group>"; };
		2A5F1F38C72675E743D0AA92 /* VeoVideoView.swift */ = {isa = PBXFileReference; lastKnownFileType = sourcecode.swift; path = VeoVideoView.swift; sourceTree = "<group>"; };
		2D7EC743452E4630666F5992 /* Info.plist */ = {isa = PBXFileReference; lastKnownFileType = text.plist; path = Info.plist; sourceTree = "<group>"; };
		30FFEE1294AD88202C6E3821 /* WorksGalleryView.swift */ = {isa = PBXFileReference; lastKnownFileType = sourcecode.swift; path = WorksGalleryView.swift; sourceTree = "<group>"; };
		3AE102ADE041B5D615BE726C /* MainView.swift */ = {isa = PBXFileReference; lastKnownFileType = sourcecode.swift; path = MainView.swift; sourceTree = "<group>"; };
		3F599D4C15E85BFDA95A8099 /* FileRef.swift */ = {isa = PBXFileReference; lastKnownFileType = sourcecode.swift; path = FileRef.swift; sourceTree = "<group>"; };
		419F83A269D0EF5D1FAA3A2D /* ai智剪.app */ = {isa = PBXFileReference; explicitFileType = wrapper.application; includeInIndex = 0; path = "ai智剪.app"; sourceTree = BUILT_PRODUCTS_DIR; };
		491E7D5F0FC10AE08A9E5EF4 /* WorkflowCanvasTests.swift */ = {isa = PBXFileReference; lastKnownFileType = sourcecode.swift; path = WorkflowCanvasTests.swift; sourceTree = "<group>"; };
		4E2CCCFC2AFCDFC21E0C0E71 /* BatchGroupingTests.swift */ = {isa = PBXFileReference; lastKnownFileType = sourcecode.swift; path = BatchGroupingTests.swift; sourceTree = "<group>"; };
		515BD320BB1D1396A74A7F10 /* VeoRules.swift */ = {isa = PBXFileReference; lastKnownFileType = sourcecode.swift; path = VeoRules.swift; sourceTree = "<group>"; };
		580DB49A9DB57BD5CA15A31E /* WorkflowStore.swift */ = {isa = PBXFileReference; lastKnownFileType = sourcecode.swift; path = WorkflowStore.swift; sourceTree = "<group>"; };
		640ECD8B9BB50D854FF4DEC3 /* Assets.xcassets */ = {isa = PBXFileReference; lastKnownFileType = folder.assetcatalog; path = Assets.xcassets; sourceTree = "<group>"; };
		777DED787EB5D7403365540A /* DashboardView.swift */ = {isa = PBXFileReference; lastKnownFileType = sourcecode.swift; path = DashboardView.swift; sourceTree = "<group>"; };
		86EEDA50F0192D5CC91D3FB4 /* TaskListView.swift */ = {isa = PBXFileReference; lastKnownFileType = sourcecode.swift; path = TaskListView.swift; sourceTree = "<group>"; };
		8915809646097496441DD167 /* ai智剪App.swift */ = {isa = PBXFileReference; lastKnownFileType = sourcecode.swift; path = "ai智剪App.swift"; sourceTree = "<group>"; };
		8A6768ECA9DCF8759EB7C224 /* WorkflowEdgeView.swift */ = {isa = PBXFileReference; lastKnownFileType = sourcecode.swift; path = WorkflowEdgeView.swift; sourceTree = "<group>"; };
		8CF588881306E6AFE4E57F5C /* EditTaskCoordinator.swift */ = {isa = PBXFileReference; lastKnownFileType = sourcecode.swift; path = EditTaskCoordinator.swift; sourceTree = "<group>"; };
		8EF7822A59A16F65E8ABAE35 /* ContentView.swift */ = {isa = PBXFileReference; lastKnownFileType = sourcecode.swift; path = ContentView.swift; sourceTree = "<group>"; };
		A35139F87C48EE8C6D6FA46D /* GenerationQueueStore.swift */ = {isa = PBXFileReference; lastKnownFileType = sourcecode.swift; path = GenerationQueueStore.swift; sourceTree = "<group>"; };
		AE6D6A32B663790C6FB0AD18 /* GrokVideoView.swift */ = {isa = PBXFileReference; lastKnownFileType = sourcecode.swift; path = GrokVideoView.swift; sourceTree = "<group>"; };
		B009C7D3093AC26380757E79 /* WorkflowModels.swift */ = {isa = PBXFileReference; lastKnownFileType = sourcecode.swift; path = WorkflowModels.swift; sourceTree = "<group>"; };
		B02EAC5D86DB68826D5A607E /* SeedanceVideoView.swift */ = {isa = PBXFileReference; lastKnownFileType = sourcecode.swift; path = SeedanceVideoView.swift; sourceTree = "<group>"; };
		C58B5822D92013E35C001050 /* ExportService.swift */ = {isa = PBXFileReference; lastKnownFileType = sourcecode.swift; path = ExportService.swift; sourceTree = "<group>"; };
		CB54ADAB292B475CBF24E431 /* MediaMetadataHelper.swift */ = {isa = PBXFileReference; lastKnownFileType = sourcecode.swift; path = MediaMetadataHelper.swift; sourceTree = "<group>"; };
		CC96BE533203C1559EC5C960 /* BananaView.swift */ = {isa = PBXFileReference; lastKnownFileType = sourcecode.swift; path = BananaView.swift; sourceTree = "<group>"; };
		D352AF227431C713E6090092 /* WorkflowNodeView.swift */ = {isa = PBXFileReference; lastKnownFileType = sourcecode.swift; path = WorkflowNodeView.swift; sourceTree = "<group>"; };
		D7B65AFB80CF250A4126A696 /* WorkflowRunPersistence.swift */ = {isa = PBXFileReference; lastKnownFileType = sourcecode.swift; path = WorkflowRunPersistence.swift; sourceTree = "<group>"; };
		DFE7414597FA77D282B6E7F9 /* WorkflowEditorView.swift */ = {isa = PBXFileReference; lastKnownFileType = sourcecode.swift; path = WorkflowEditorView.swift; sourceTree = "<group>"; };
		E3AFE42A01BDCB0DB9658B3F /* WorksStore.swift */ = {isa = PBXFileReference; lastKnownFileType = sourcecode.swift; path = WorksStore.swift; sourceTree = "<group>"; };
		E831E00BB7A8B780544C40D6 /* PresetStore.swift */ = {isa = PBXFileReference; lastKnownFileType = sourcecode.swift; path = PresetStore.swift; sourceTree = "<group>"; };
		F493B95391C30261E880ADCB /* ai智剪Tests.xctest */ = {isa = PBXFileReference; explicitFileType = wrapper.cfbundle; includeInIndex = 0; path = "ai智剪Tests.xctest"; sourceTree = BUILT_PRODUCTS_DIR; };
		F5A43797F799759ECADF1604 /* ExportServiceTests.swift */ = {isa = PBXFileReference; lastKnownFileType = sourcecode.swift; path = ExportServiceTests.swift; sourceTree = "<group>"; };
		FA1E13029970FAEDDC7A3D13 /* ImageGenView.swift */ = {isa = PBXFileReference; lastKnownFileType = sourcecode.swift; path = ImageGenView.swift; sourceTree = "<group>"; };
		FC01135ACF1AC1F6230C57C0 /* SmokeTests.swift */ = {isa = PBXFileReference; lastKnownFileType = sourcecode.swift; path = SmokeTests.swift; sourceTree = "<group>"; };
/* End PBXFileReference section */

/* Begin PBXGroup section */
		2C0654EB211773EED5AF2B03 /* Services */ = {
			isa = PBXGroup;
			children = (
				23C8B9E779724A391CD2E2FB /* APIService.swift */,
				0241C1872854559056357E88 /* CredentialStore.swift */,
				8CF588881306E6AFE4E57F5C /* EditTaskCoordinator.swift */,
				C58B5822D92013E35C001050 /* ExportService.swift */,
				3F599D4C15E85BFDA95A8099 /* FileRef.swift */,
				A35139F87C48EE8C6D6FA46D /* GenerationQueueStore.swift */,
				09389291E2332EF95F01280A /* GenerationTaskExecutor.swift */,
				CB54ADAB292B475CBF24E431 /* MediaMetadataHelper.swift */,
				E831E00BB7A8B780544C40D6 /* PresetStore.swift */,
				515BD320BB1D1396A74A7F10 /* VeoRules.swift */,
				B009C7D3093AC26380757E79 /* WorkflowModels.swift */,
				D7B65AFB80CF250A4126A696 /* WorkflowRunPersistence.swift */,
				580DB49A9DB57BD5CA15A31E /* WorkflowStore.swift */,
				E3AFE42A01BDCB0DB9658B3F /* WorksStore.swift */,
			);
			path = Services;
			sourceTree = "<group>";
		};
		4D6E4A3C6D83246CA66544C0 /* Products */ = {
			isa = PBXGroup;
			children = (
				419F83A269D0EF5D1FAA3A2D /* ai智剪.app */,
				F493B95391C30261E880ADCB /* ai智剪Tests.xctest */,
			);
			name = Products;
			sourceTree = "<group>";
		};
		6894B2636E422274D5C013EC /* ai智剪Tests */ = {
			isa = PBXGroup;
			children = (
				4E2CCCFC2AFCDFC21E0C0E71 /* BatchGroupingTests.swift */,
				F5A43797F799759ECADF1604 /* ExportServiceTests.swift */,
				FC01135ACF1AC1F6230C57C0 /* SmokeTests.swift */,
				491E7D5F0FC10AE08A9E5EF4 /* WorkflowCanvasTests.swift */,
			);
			path = "ai智剪Tests";
			sourceTree = "<group>";
		};
		7440772D14BCE778149D9327 /* Views */ = {
			isa = PBXGroup;
			children = (
				CC96BE533203C1559EC5C960 /* BananaView.swift */,
				777DED787EB5D7403365540A /* DashboardView.swift */,
				AE6D6A32B663790C6FB0AD18 /* GrokVideoView.swift */,
				FA1E13029970FAEDDC7A3D13 /* ImageGenView.swift */,
				0C8C686D5BC8A0D7B8820150 /* LoginView.swift */,
				3AE102ADE041B5D615BE726C /* MainView.swift */,
				B02EAC5D86DB68826D5A607E /* SeedanceVideoView.swift */,
				0646C01CF55D33F50087297B /* SettingsView.swift */,
				86EEDA50F0192D5CC91D3FB4 /* TaskListView.swift */,
				2A5F1F38C72675E743D0AA92 /* VeoVideoView.swift */,
				17EE4B01342C4D1E7823CED0 /* WanVideoView.swift */,
				09D80E54557B8770C3E21A9C /* WorkflowCanvasView.swift */,
				8A6768ECA9DCF8759EB7C224 /* WorkflowEdgeView.swift */,
				DFE7414597FA77D282B6E7F9 /* WorkflowEditorView.swift */,
				D352AF227431C713E6090092 /* WorkflowNodeView.swift */,
				30FFEE1294AD88202C6E3821 /* WorksGalleryView.swift */,
			);
			path = Views;
			sourceTree = "<group>";
		};
		CBB1499C3086C4FB6CE0501E /* ai智剪 */ = {
			isa = PBXGroup;
			children = (
				8915809646097496441DD167 /* ai智剪App.swift */,
				640ECD8B9BB50D854FF4DEC3 /* Assets.xcassets */,
				8EF7822A59A16F65E8ABAE35 /* ContentView.swift */,
				2D7EC743452E4630666F5992 /* Info.plist */,
				2C0654EB211773EED5AF2B03 /* Services */,
				7440772D14BCE778149D9327 /* Views */,
			);
			path = "ai智剪";
			sourceTree = "<group>";
		};
		FF2664B453B5B8B485F29246 = {
			isa = PBXGroup;
			children = (
				CBB1499C3086C4FB6CE0501E /* ai智剪 */,
				6894B2636E422274D5C013EC /* ai智剪Tests */,
				4D6E4A3C6D83246CA66544C0 /* Products */,
			);
			sourceTree = "<group>";
		};
/* End PBXGroup section */

/* Begin PBXNativeTarget section */
		6FB998E96915F681526466FD /* ai智剪 */ = {
			isa = PBXNativeTarget;
			buildConfigurationList = 7EF2066D45A21AA9855BA974 /* Build configuration list for PBXNativeTarget "ai智剪" */;
			buildPhases = (
				B750BC6BFFB14DBE28D1187C /* Sources */,
				95AA9530EEADA7721578B51E /* Resources */,
			);
			buildRules = (
			);
			dependencies = (
			);
			name = "ai智剪";
			packageProductDependencies = (
			);
			productName = "ai智剪";
			productReference = 419F83A269D0EF5D1FAA3A2D /* ai智剪.app */;
			productType = "com.apple.product-type.application";
		};
		7B90B7298A19EE097A64E6F3 /* ai智剪Tests */ = {
			isa = PBXNativeTarget;
			buildConfigurationList = B1A1E67346DD3AA39D337F06 /* Build configuration list for PBXNativeTarget "ai智剪Tests" */;
			buildPhases = (
				90F4C5C64029DA23C03FF884 /* Sources */,
			);
			buildRules = (
			);
			dependencies = (
				924206BDB194150BB070499D /* PBXTargetDependency */,
			);
			name = "ai智剪Tests";
			packageProductDependencies = (
			);
			productName = "ai智剪Tests";
			productReference = F493B95391C30261E880ADCB /* ai智剪Tests.xctest */;
			productType = "com.apple.product-type.bundle.unit-test";
		};
/* End PBXNativeTarget section */

/* Begin PBXProject section */
		319BD9138521DF33BA129DAB /* Project object */ = {
			isa = PBXProject;
			attributes = {
				BuildIndependentTargetsInParallel = YES;
				LastUpgradeCheck = 1430;
				TargetAttributes = {
					6FB998E96915F681526466FD = {
						DevelopmentTeam = "";
					};
					7B90B7298A19EE097A64E6F3 = {
						DevelopmentTeam = "";
					};
				};
			};
			buildConfigurationList = 4265EC963C168C7F8626050F /* Build configuration list for PBXProject "ai智剪" */;
			developmentRegion = en;
			hasScannedForEncodings = 0;
			knownRegions = (
				Base,
				en,
			);
			mainGroup = FF2664B453B5B8B485F29246;
			minimizedProjectReferenceProxies = 1;
			preferredProjectObjectVersion = 77;
			productRefGroup = 4D6E4A3C6D83246CA66544C0 /* Products */;
			projectDirPath = "";
			projectRoot = "";
			targets = (
				6FB998E96915F681526466FD /* ai智剪 */,
				7B90B7298A19EE097A64E6F3 /* ai智剪Tests */,
			);
		};
/* End PBXProject section */

/* Begin PBXResourcesBuildPhase section */
		95AA9530EEADA7721578B51E /* Resources */ = {
			isa = PBXResourcesBuildPhase;
			buildActionMask = 2147483647;
			files = (
				5D4D7F84EC3E2476E736BD42 /* Assets.xcassets in Resources */,
			);
			runOnlyForDeploymentPostprocessing = 0;
		};
/* End PBXResourcesBuildPhase section */

/* Begin PBXSourcesBuildPhase section */
		90F4C5C64029DA23C03FF884 /* Sources */ = {
			isa = PBXSourcesBuildPhase;
			buildActionMask = 2147483647;
			files = (
				7AC26FA29AF33693FD50FA2A /* BatchGroupingTests.swift in Sources */,
				074557DF06807AD55D8E7D31 /* ExportServiceTests.swift in Sources */,
				E9DDEE25462F900600CBFC10 /* SmokeTests.swift in Sources */,
				61FF322BAC811FCAE287E352 /* WorkflowCanvasTests.swift in Sources */,
			);
			runOnlyForDeploymentPostprocessing = 0;
		};
		B750BC6BFFB14DBE28D1187C /* Sources */ = {
			isa = PBXSourcesBuildPhase;
			buildActionMask = 2147483647;
			files = (
				1986D303E014D319497BF707 /* APIService.swift in Sources */,
				FC5639591F2174235F472FA8 /* BananaView.swift in Sources */,
				599FAB61653D16DAD7260FD6 /* ContentView.swift in Sources */,
				C437ECF1E50401E67BC86CB4 /* CredentialStore.swift in Sources */,
				725CE02C725279C47CC1419E /* DashboardView.swift in Sources */,
				73A64DB3679AD6F36FE400DD /* EditTaskCoordinator.swift in Sources */,
				2BF3EB74088CB3C94F8EFB2B /* ExportService.swift in Sources */,
				7299EE75D1819614ED63FDB4 /* FileRef.swift in Sources */,
				F2FA2D5DDA021B8843EC4CDA /* GenerationQueueStore.swift in Sources */,
				A654F0A576C136BB9BA38ADC /* GenerationTaskExecutor.swift in Sources */,
				D7A6390EBFDA32AA4DD76F56 /* GrokVideoView.swift in Sources */,
				733FA4B2C0D437FD4306F9C4 /* ImageGenView.swift in Sources */,
				12760CB06DA2BFA1D20DB37E /* LoginView.swift in Sources */,
				DBEBC4F0ABC4BC3D0515493A /* MainView.swift in Sources */,
				4EB98D1DD798EA7BB24472E2 /* MediaMetadataHelper.swift in Sources */,
				BB9B5C1E1BD0293DB589C546 /* PresetStore.swift in Sources */,
				2A228E486AFEB2D6F407948F /* SeedanceVideoView.swift in Sources */,
				01A54ED430F9FC5AF41EA8C9 /* SettingsView.swift in Sources */,
				1831086661E3B5780A4BB282 /* TaskListView.swift in Sources */,
				6481A61044B20EBE45BC447B /* VeoRules.swift in Sources */,
				87A564513684908D79508C41 /* VeoVideoView.swift in Sources */,
				43F08D71A3E412C172DBF462 /* WanVideoView.swift in Sources */,
				908143F66D661443E9D317EE /* WorkflowCanvasView.swift in Sources */,
				39E174FE1BE9CFDEB4875DFA /* WorkflowEdgeView.swift in Sources */,
				C2719EF858BE013828BD1712 /* WorkflowEditorView.swift in Sources */,
				2F2DD63791B806C6470B0F69 /* WorkflowModels.swift in Sources */,
				48DA6272AF93C152D0B6197E /* WorkflowNodeView.swift in Sources */,
				41B066C2669D8F33B9388A6D /* WorkflowRunPersistence.swift in Sources */,
				C67E492B75016E0DC41E0AC1 /* WorkflowStore.swift in Sources */,
				9509F7EB0A417558FBE6F083 /* WorksGalleryView.swift in Sources */,
				ED7A052DC884A9E66F9B715B /* WorksStore.swift in Sources */,
				98D50C904F630F5A257C687B /* ai智剪App.swift in Sources */,
			);
			runOnlyForDeploymentPostprocessing = 0;
		};
/* End PBXSourcesBuildPhase section */

/* Begin PBXTargetDependency section */
		924206BDB194150BB070499D /* PBXTargetDependency */ = {
			isa = PBXTargetDependency;
			target = 6FB998E96915F681526466FD /* ai智剪 */;
			targetProxy = 4E48ADC5B04B3F9D6B01EC17 /* PBXContainerItemProxy */;
		};
/* End PBXTargetDependency section */

/* Begin XCBuildConfiguration section */
		000CC90A8D440685CF83E2F3 /* Release */ = {
			isa = XCBuildConfiguration;
			buildSettings = {
				BUNDLE_LOADER = "$(TEST_HOST)";
				COMBINE_HIDPI_IMAGES = YES;
				GENERATE_INFOPLIST_FILE = YES;
				LD_RUNPATH_SEARCH_PATHS = (
					"$(inherited)",
					"@executable_path/../Frameworks",
					"@loader_path/../Frameworks",
				);
				PRODUCT_BUNDLE_IDENTIFIER = com.yourcompany.aizhijian.tests;
				SDKROOT = macosx;
				TEST_HOST = "$(BUILT_PRODUCTS_DIR)/AI 智剪.app/Contents/MacOS/AI 智剪";
			};
			name = Release;
		};
		409969E0B9895980C5101513 /* Debug */ = {
			isa = XCBuildConfiguration;
			buildSettings = {
				BUNDLE_LOADER = "$(TEST_HOST)";
				COMBINE_HIDPI_IMAGES = YES;
				GENERATE_INFOPLIST_FILE = YES;
				LD_RUNPATH_SEARCH_PATHS = (
					"$(inherited)",
					"@executable_path/../Frameworks",
					"@loader_path/../Frameworks",
				);
				PRODUCT_BUNDLE_IDENTIFIER = com.yourcompany.aizhijian.tests;
				SDKROOT = macosx;
				TEST_HOST = "$(BUILT_PRODUCTS_DIR)/AI 智剪.app/Contents/MacOS/AI 智剪";
			};
			name = Debug;
		};
		4C20E8135B695DB3C0045EB2 /* Debug */ = {
			isa = XCBuildConfiguration;
			buildSettings = {
				ASSETCATALOG_COMPILER_APPICON_NAME = AppIcon;
				COMBINE_HIDPI_IMAGES = YES;
				INFOPLIST_FILE = "ai智剪/Info.plist";
				LD_RUNPATH_SEARCH_PATHS = (
					"$(inherited)",
					"@executable_path/../Frameworks",
				);
				PRODUCT_BUNDLE_IDENTIFIER = com.yourcompany.aizhijian;
				PRODUCT_MODULE_NAME = aiZhijian;
				PRODUCT_NAME = "AI 智剪";
				SDKROOT = macosx;
			};
			name = Debug;
		};
		63B3BC5969E510A2E8A25DBA /* Release */ = {
			isa = XCBuildConfiguration;
			buildSettings = {
				ALWAYS_SEARCH_USER_PATHS = NO;
				CLANG_ANALYZER_NONNULL = YES;
				CLANG_ANALYZER_NUMBER_OBJECT_CONVERSION = YES_AGGRESSIVE;
				CLANG_CXX_LANGUAGE_STANDARD = "gnu++14";
				CLANG_CXX_LIBRARY = "libc++";
				CLANG_ENABLE_MODULES = YES;
				CLANG_ENABLE_OBJC_ARC = YES;
				CLANG_ENABLE_OBJC_WEAK = YES;
				CLANG_WARN_BLOCK_CAPTURE_AUTORELEASING = YES;
				CLANG_WARN_BOOL_CONVERSION = YES;
				CLANG_WARN_COMMA = YES;
				CLANG_WARN_CONSTANT_CONVERSION = YES;
				CLANG_WARN_DEPRECATED_OBJC_IMPLEMENTATIONS = YES;
				CLANG_WARN_DIRECT_OBJC_ISA_USAGE = YES_ERROR;
				CLANG_WARN_DOCUMENTATION_COMMENTS = YES;
				CLANG_WARN_EMPTY_BODY = YES;
				CLANG_WARN_ENUM_CONVERSION = YES;
				CLANG_WARN_INFINITE_RECURSION = YES;
				CLANG_WARN_INT_CONVERSION = YES;
				CLANG_WARN_NON_LITERAL_NULL_CONVERSION = YES;
				CLANG_WARN_OBJC_IMPLICIT_RETAIN_SELF = YES;
				CLANG_WARN_OBJC_LITERAL_CONVERSION = YES;
				CLANG_WARN_OBJC_ROOT_CLASS = YES_ERROR;
				CLANG_WARN_QUOTED_INCLUDE_IN_FRAMEWORK_HEADER = YES;
				CLANG_WARN_RANGE_LOOP_ANALYSIS = YES;
				CLANG_WARN_STRICT_PROTOTYPES = YES;
				CLANG_WARN_SUSPICIOUS_MOVE = YES;
				CLANG_WARN_UNGUARDED_AVAILABILITY = YES_AGGRESSIVE;
				CLANG_WARN_UNREACHABLE_CODE = YES;
				CLANG_WARN__DUPLICATE_METHOD_MATCH = YES;
				COPY_PHASE_STRIP = NO;
				DEBUG_INFORMATION_FORMAT = "dwarf-with-dsym";
				DEVELOPMENT_TEAM = "";
				ENABLE_NS_ASSERTIONS = NO;
				ENABLE_STRICT_OBJC_MSGSEND = YES;
				ENABLE_USER_SCRIPT_SANDBOXING = NO;
				GCC_C_LANGUAGE_STANDARD = gnu11;
				GCC_NO_COMMON_BLOCKS = YES;
				GCC_WARN_64_TO_32_BIT_CONVERSION = YES;
				GCC_WARN_ABOUT_RETURN_TYPE = YES_ERROR;
				GCC_WARN_UNDECLARED_SELECTOR = YES;
				GCC_WARN_UNINITIALIZED_AUTOS = YES_AGGRESSIVE;
				GCC_WARN_UNUSED_FUNCTION = YES;
				GCC_WARN_UNUSED_VARIABLE = YES;
				GENERATE_INFOPLIST_FILE = YES;
				MACOSX_DEPLOYMENT_TARGET = 14.0;
				MTL_ENABLE_DEBUG_INFO = NO;
				MTL_FAST_MATH = YES;
				PRODUCT_NAME = "$(TARGET_NAME)";
				SDKROOT = macosx;
				SWIFT_COMPILATION_MODE = wholemodule;
				SWIFT_OPTIMIZATION_LEVEL = "-O";
				SWIFT_VERSION = 6.0;
			};
			name = Release;
		};
		9EF4EADBAA26F177FD9B5E36 /* Release */ = {
			isa = XCBuildConfiguration;
			buildSettings = {
				ASSETCATALOG_COMPILER_APPICON_NAME = AppIcon;
				COMBINE_HIDPI_IMAGES = YES;
				INFOPLIST_FILE = "ai智剪/Info.plist";
				LD_RUNPATH_SEARCH_PATHS = (
					"$(inherited)",
					"@executable_path/../Frameworks",
				);
				PRODUCT_BUNDLE_IDENTIFIER = com.yourcompany.aizhijian;
				PRODUCT_MODULE_NAME = aiZhijian;
				PRODUCT_NAME = "AI 智剪";
				SDKROOT = macosx;
			};
			name = Release;
		};
		DA10C25B08768AF06AB7BBB4 /* Debug */ = {
			isa = XCBuildConfiguration;
			buildSettings = {
				ALWAYS_SEARCH_USER_PATHS = NO;
				CLANG_ANALYZER_NONNULL = YES;
				CLANG_ANALYZER_NUMBER_OBJECT_CONVERSION = YES_AGGRESSIVE;
				CLANG_CXX_LANGUAGE_STANDARD = "gnu++14";
				CLANG_CXX_LIBRARY = "libc++";
				CLANG_ENABLE_MODULES = YES;
				CLANG_ENABLE_OBJC_ARC = YES;
				CLANG_ENABLE_OBJC_WEAK = YES;
				CLANG_WARN_BLOCK_CAPTURE_AUTORELEASING = YES;
				CLANG_WARN_BOOL_CONVERSION = YES;
				CLANG_WARN_COMMA = YES;
				CLANG_WARN_CONSTANT_CONVERSION = YES;
				CLANG_WARN_DEPRECATED_OBJC_IMPLEMENTATIONS = YES;
				CLANG_WARN_DIRECT_OBJC_ISA_USAGE = YES_ERROR;
				CLANG_WARN_DOCUMENTATION_COMMENTS = YES;
				CLANG_WARN_EMPTY_BODY = YES;
				CLANG_WARN_ENUM_CONVERSION = YES;
				CLANG_WARN_INFINITE_RECURSION = YES;
				CLANG_WARN_INT_CONVERSION = YES;
				CLANG_WARN_NON_LITERAL_NULL_CONVERSION = YES;
				CLANG_WARN_OBJC_IMPLICIT_RETAIN_SELF = YES;
				CLANG_WARN_OBJC_LITERAL_CONVERSION = YES;
				CLANG_WARN_OBJC_ROOT_CLASS = YES_ERROR;
				CLANG_WARN_QUOTED_INCLUDE_IN_FRAMEWORK_HEADER = YES;
				CLANG_WARN_RANGE_LOOP_ANALYSIS = YES;
				CLANG_WARN_STRICT_PROTOTYPES = YES;
				CLANG_WARN_SUSPICIOUS_MOVE = YES;
				CLANG_WARN_UNGUARDED_AVAILABILITY = YES_AGGRESSIVE;
				CLANG_WARN_UNREACHABLE_CODE = YES;
				CLANG_WARN__DUPLICATE_METHOD_MATCH = YES;
				COPY_PHASE_STRIP = NO;
				DEBUG_INFORMATION_FORMAT = dwarf;
				DEVELOPMENT_TEAM = "";
				ENABLE_STRICT_OBJC_MSGSEND = YES;
				ENABLE_TESTABILITY = YES;
				ENABLE_USER_SCRIPT_SANDBOXING = NO;
				GCC_C_LANGUAGE_STANDARD = gnu11;
				GCC_DYNAMIC_NO_PIC = NO;
				GCC_NO_COMMON_BLOCKS = YES;
				GCC_OPTIMIZATION_LEVEL = 0;
				GCC_PREPROCESSOR_DEFINITIONS = (
					"$(inherited)",
					"DEBUG=1",
				);
				GCC_WARN_64_TO_32_BIT_CONVERSION = YES;
				GCC_WARN_ABOUT_RETURN_TYPE = YES_ERROR;
				GCC_WARN_UNDECLARED_SELECTOR = YES;
				GCC_WARN_UNINITIALIZED_AUTOS = YES_AGGRESSIVE;
				GCC_WARN_UNUSED_FUNCTION = YES;
				GCC_WARN_UNUSED_VARIABLE = YES;
				GENERATE_INFOPLIST_FILE = YES;
				MACOSX_DEPLOYMENT_TARGET = 14.0;
				MTL_ENABLE_DEBUG_INFO = INCLUDE_SOURCE;
				MTL_FAST_MATH = YES;
				ONLY_ACTIVE_ARCH = YES;
				PRODUCT_NAME = "$(TARGET_NAME)";
				SDKROOT = macosx;
				SWIFT_ACTIVE_COMPILATION_CONDITIONS = DEBUG;
				SWIFT_OPTIMIZATION_LEVEL = "-Onone";
				SWIFT_VERSION = 6.0;
			};
			name = Debug;
		};
/* End XCBuildConfiguration section */

/* Begin XCConfigurationList section */
		4265EC963C168C7F8626050F /* Build configuration list for PBXProject "ai智剪" */ = {
			isa = XCConfigurationList;
			buildConfigurations = (
				DA10C25B08768AF06AB7BBB4 /* Debug */,
				63B3BC5969E510A2E8A25DBA /* Release */,
			);
			defaultConfigurationIsVisible = 0;
			defaultConfigurationName = Debug;
		};
		7EF2066D45A21AA9855BA974 /* Build configuration list for PBXNativeTarget "ai智剪" */ = {
			isa = XCConfigurationList;
			buildConfigurations = (
				4C20E8135B695DB3C0045EB2 /* Debug */,
				9EF4EADBAA26F177FD9B5E36 /* Release */,
			);
			defaultConfigurationIsVisible = 0;
			defaultConfigurationName = Debug;
		};
		B1A1E67346DD3AA39D337F06 /* Build configuration list for PBXNativeTarget "ai智剪Tests" */ = {
			isa = XCConfigurationList;
			buildConfigurations = (
				409969E0B9895980C5101513 /* Debug */,
				000CC90A8D440685CF83E2F3 /* Release */,
			);
			defaultConfigurationIsVisible = 0;
			defaultConfigurationName = Debug;
		};
/* End XCConfigurationList section */
	};
	rootObject = 319BD9138521DF33BA129DAB /* Project object */;
}
